// !$*UTF8*$!
{
	archiveVersion = 1;
	classes = {
	};
	objectVersion = 50;
	objects = {

/* Begin PBXBuildFile section */
		D4013A9D22F2CCC400F7A819 /* CustomCell.xib in Resources */ = {isa = PBXBuildFile; fileRef = D4013A8F22F2CCC400F7A819 /* CustomCell.xib */; };
		D4013A9E22F2CCC400F7A819 /* CustomCell.swift in Sources */ = {isa = PBXBuildFile; fileRef = D4013A9022F2CCC400F7A819 /* CustomCell.swift */; };
		D4013A9F22F2CCC400F7A819 /* PageCell.swift in Sources */ = {isa = PBXBuildFile; fileRef = D4013A9122F2CCC400F7A819 /* PageCell.swift */; };
		D4013AA022F2CCC400F7A819 /* PageCell.xib in Resources */ = {isa = PBXBuildFile; fileRef = D4013A9222F2CCC400F7A819 /* PageCell.xib */; };
		D4013AA322F2CCC400F7A819 /* NSObject + reusableIdentifier.swift in Sources */ = {isa = PBXBuildFile; fileRef = D4013A9722F2CCC400F7A819 /* NSObject + reusableIdentifier.swift */; };
		D4013AA522F2CCC400F7A819 /* CustomMenuBar.swift in Sources */ = {isa = PBXBuildFile; fileRef = D4013A9A22F2CCC400F7A819 /* CustomMenuBar.swift */; };
		D4013AA722F2CCC400F7A819 /* MainVC.swift in Sources */ = {isa = PBXBuildFile; fileRef = D4013A9C22F2CCC400F7A819 /* MainVC.swift */; };
		D420ADF922E875270090FEE5 /* LocalTableViewController.swift in Sources */ = {isa = PBXBuildFile; fileRef = D420ADF822E875270090FEE5 /* LocalTableViewController.swift */; };
		D44533DA22F0194A005CAF17 /* DataViewController.swift in Sources */ = {isa = PBXBuildFile; fileRef = D44533D922F0194A005CAF17 /* DataViewController.swift */; };
		D44533DC22F01958005CAF17 /* CustomPageViewController.swift in Sources */ = {isa = PBXBuildFile; fileRef = D44533DB22F01958005CAF17 /* CustomPageViewController.swift */; };
		D445340022F02E92005CAF17 /* MainViewController.swift in Sources */ = {isa = PBXBuildFile; fileRef = D44533FF22F02E92005CAF17 /* MainViewController.swift */; };
		D45A5E4422E59F2600D75C7F /* AppDelegate.swift in Sources */ = {isa = PBXBuildFile; fileRef = D45A5E4322E59F2600D75C7F /* AppDelegate.swift */; };
		D45A5E4622E59F2600D75C7F /* ViewController.swift in Sources */ = {isa = PBXBuildFile; fileRef = D45A5E4522E59F2600D75C7F /* ViewController.swift */; };
		D45A5E4922E59F2600D75C7F /* Main.storyboard in Resources */ = {isa = PBXBuildFile; fileRef = D45A5E4722E59F2600D75C7F /* Main.storyboard */; };
		D45A5E4B22E59F2700D75C7F /* Assets.xcassets in Resources */ = {isa = PBXBuildFile; fileRef = D45A5E4A22E59F2700D75C7F /* Assets.xcassets */; };
		D45A5E4E22E59F2700D75C7F /* LaunchScreen.storyboard in Resources */ = {isa = PBXBuildFile; fileRef = D45A5E4C22E59F2700D75C7F /* LaunchScreen.storyboard */; };
		D45A5E5622E5A05000D75C7F /* MainScreen.storyboard in Resources */ = {isa = PBXBuildFile; fileRef = D45A5E5522E5A05000D75C7F /* MainScreen.storyboard */; };
		D45A5E5822E5A0CC00D75C7F /* Route-Recommendation.storyboard in Resources */ = {isa = PBXBuildFile; fileRef = D45A5E5722E5A0CC00D75C7F /* Route-Recommendation.storyboard */; };
		D45A5E5A22E5A0F000D75C7F /* Selected.storyboard in Resources */ = {isa = PBXBuildFile; fileRef = D45A5E5922E5A0F000D75C7F /* Selected.storyboard */; };
		D45A5E5C22E5A10600D75C7F /* My-Infomation.storyboard in Resources */ = {isa = PBXBuildFile; fileRef = D45A5E5B22E5A10600D75C7F /* My-Infomation.storyboard */; };
		D4A3219322E6EA85003384BB /* Models.swift in Sources */ = {isa = PBXBuildFile; fileRef = D4A3219222E6EA85003384BB /* Models.swift */; };
		D4A3224F22EAD2FF003384BB /* SelectedTableViewController.swift in Sources */ = {isa = PBXBuildFile; fileRef = D4A3224E22EAD2FF003384BB /* SelectedTableViewController.swift */; };
		D4A3225122EAD376003384BB /* SelectedDetailTableViewController.swift in Sources */ = {isa = PBXBuildFile; fileRef = D4A3225022EAD376003384BB /* SelectedDetailTableViewController.swift */; };
		D4D714CD22F01ADF006552B0 /* RegionInfoCollectionViewController.swift in Sources */ = {isa = PBXBuildFile; fileRef = D4D714CC22F01ADF006552B0 /* RegionInfoCollectionViewController.swift */; };
		D4D714CF22F01B1B006552B0 /* DetailRegionInfoViewController.swift in Sources */ = {isa = PBXBuildFile; fileRef = D4D714CE22F01B1B006552B0 /* DetailRegionInfoViewController.swift */; };
		D4D714D122F02089006552B0 /* RegionInfoTableViewController.swift in Sources */ = {isa = PBXBuildFile; fileRef = D4D714D022F02089006552B0 /* RegionInfoTableViewController.swift */; };
		D4D714D322F02BA2006552B0 /* RighImageTableViewCell.swift in Sources */ = {isa = PBXBuildFile; fileRef = D4D714D222F02BA2006552B0 /* RighImageTableViewCell.swift */; };
		D4D714D522F17674006552B0 /* FindTableViewController.swift in Sources */ = {isa = PBXBuildFile; fileRef = D4D714D422F17674006552B0 /* FindTableViewController.swift */; };
		E477312A22EAD95E0072C057 /* NoticeInfoTableViewController.swift in Sources */ = {isa = PBXBuildFile; fileRef = E477312922EAD95E0072C057 /* NoticeInfoTableViewController.swift */; };
		E477313222EAF8530072C057 /* NoticeInfoTableViewCell.swift in Sources */ = {isa = PBXBuildFile; fileRef = E477313122EAF8530072C057 /* NoticeInfoTableViewCell.swift */; };
		E477313522EB0DBD0072C057 /* NoticeInfoDetailViewController.swift in Sources */ = {isa = PBXBuildFile; fileRef = E477313422EB0DBD0072C057 /* NoticeInfoDetailViewController.swift */; };
		E477313822EB13220072C057 /* MyInfoTableViewController.swift in Sources */ = {isa = PBXBuildFile; fileRef = E477313722EB13220072C057 /* MyInfoTableViewController.swift */; };
/* End PBXBuildFile section */

/* Begin PBXCopyFilesBuildPhase section */
		D4A3218E22E6D5A4003384BB /* Embed Frameworks */ = {
			isa = PBXCopyFilesBuildPhase;
			buildActionMask = 2147483647;
			dstPath = "";
			dstSubfolderSpec = 10;
			files = (
			);
			name = "Embed Frameworks";
			runOnlyForDeploymentPostprocessing = 0;
		};
/* End PBXCopyFilesBuildPhase section */

/* Begin PBXFileReference section */
		D4013A8F22F2CCC400F7A819 /* CustomCell.xib */ = {isa = PBXFileReference; fileEncoding = 4; lastKnownFileType = file.xib; path = CustomCell.xib; sourceTree = "<group>"; };
		D4013A9022F2CCC400F7A819 /* CustomCell.swift */ = {isa = PBXFileReference; fileEncoding = 4; lastKnownFileType = sourcecode.swift; path = CustomCell.swift; sourceTree = "<group>"; };
		D4013A9122F2CCC400F7A819 /* PageCell.swift */ = {isa = PBXFileReference; fileEncoding = 4; lastKnownFileType = sourcecode.swift; path = PageCell.swift; sourceTree = "<group>"; };
		D4013A9222F2CCC400F7A819 /* PageCell.xib */ = {isa = PBXFileReference; fileEncoding = 4; lastKnownFileType = file.xib; path = PageCell.xib; sourceTree = "<group>"; };
		D4013A9722F2CCC400F7A819 /* NSObject + reusableIdentifier.swift */ = {isa = PBXFileReference; fileEncoding = 4; lastKnownFileType = sourcecode.swift; path = "NSObject + reusableIdentifier.swift"; sourceTree = "<group>"; };
		D4013A9A22F2CCC400F7A819 /* CustomMenuBar.swift */ = {isa = PBXFileReference; fileEncoding = 4; lastKnownFileType = sourcecode.swift; path = CustomMenuBar.swift; sourceTree = "<group>"; };
		D4013A9C22F2CCC400F7A819 /* MainVC.swift */ = {isa = PBXFileReference; fileEncoding = 4; lastKnownFileType = sourcecode.swift; path = MainVC.swift; sourceTree = "<group>"; };
		D420ADF822E875270090FEE5 /* LocalTableViewController.swift */ = {isa = PBXFileReference; lastKnownFileType = sourcecode.swift; path = LocalTableViewController.swift; sourceTree = "<group>"; };
		D44533D922F0194A005CAF17 /* DataViewController.swift */ = {isa = PBXFileReference; lastKnownFileType = sourcecode.swift; path = DataViewController.swift; sourceTree = "<group>"; };
		D44533DB22F01958005CAF17 /* CustomPageViewController.swift */ = {isa = PBXFileReference; lastKnownFileType = sourcecode.swift; path = CustomPageViewController.swift; sourceTree = "<group>"; };
		D44533FF22F02E92005CAF17 /* MainViewController.swift */ = {isa = PBXFileReference; lastKnownFileType = sourcecode.swift; path = MainViewController.swift; sourceTree = "<group>"; };
		D45A5E4022E59F2600D75C7F /* Ayo~Bro.app */ = {isa = PBXFileReference; explicitFileType = wrapper.application; includeInIndex = 0; path = "Ayo~Bro.app"; sourceTree = BUILT_PRODUCTS_DIR; };
		D45A5E4322E59F2600D75C7F /* AppDelegate.swift */ = {isa = PBXFileReference; lastKnownFileType = sourcecode.swift; path = AppDelegate.swift; sourceTree = "<group>"; };
		D45A5E4522E59F2600D75C7F /* ViewController.swift */ = {isa = PBXFileReference; lastKnownFileType = sourcecode.swift; path = ViewController.swift; sourceTree = "<group>"; };
		D45A5E4822E59F2600D75C7F /* Base */ = {isa = PBXFileReference; lastKnownFileType = file.storyboard; name = Base; path = Base.lproj/Main.storyboard; sourceTree = "<group>"; };
		D45A5E4A22E59F2700D75C7F /* Assets.xcassets */ = {isa = PBXFileReference; lastKnownFileType = folder.assetcatalog; path = Assets.xcassets; sourceTree = "<group>"; };
		D45A5E4D22E59F2700D75C7F /* Base */ = {isa = PBXFileReference; lastKnownFileType = file.storyboard; name = Base; path = Base.lproj/LaunchScreen.storyboard; sourceTree = "<group>"; };
		D45A5E4F22E59F2700D75C7F /* Info.plist */ = {isa = PBXFileReference; lastKnownFileType = text.plist.xml; path = Info.plist; sourceTree = "<group>"; };
		D45A5E5522E5A05000D75C7F /* MainScreen.storyboard */ = {isa = PBXFileReference; lastKnownFileType = file.storyboard; path = MainScreen.storyboard; sourceTree = "<group>"; };
		D45A5E5722E5A0CC00D75C7F /* Route-Recommendation.storyboard */ = {isa = PBXFileReference; lastKnownFileType = file.storyboard; path = "Route-Recommendation.storyboard"; sourceTree = "<group>"; };
		D45A5E5922E5A0F000D75C7F /* Selected.storyboard */ = {isa = PBXFileReference; lastKnownFileType = file.storyboard; path = Selected.storyboard; sourceTree = "<group>"; };
		D45A5E5B22E5A10600D75C7F /* My-Infomation.storyboard */ = {isa = PBXFileReference; lastKnownFileType = file.storyboard; path = "My-Infomation.storyboard"; sourceTree = "<group>"; };
		D4A3219222E6EA85003384BB /* Models.swift */ = {isa = PBXFileReference; lastKnownFileType = sourcecode.swift; path = Models.swift; sourceTree = "<group>"; };
		D4A3224E22EAD2FF003384BB /* SelectedTableViewController.swift */ = {isa = PBXFileReference; lastKnownFileType = sourcecode.swift; path = SelectedTableViewController.swift; sourceTree = "<group>"; };
		D4A3225022EAD376003384BB /* SelectedDetailTableViewController.swift */ = {isa = PBXFileReference; lastKnownFileType = sourcecode.swift; path = SelectedDetailTableViewController.swift; sourceTree = "<group>"; };
		D4D714CC22F01ADF006552B0 /* RegionInfoCollectionViewController.swift */ = {isa = PBXFileReference; lastKnownFileType = sourcecode.swift; path = RegionInfoCollectionViewController.swift; sourceTree = "<group>"; };
		D4D714CE22F01B1B006552B0 /* DetailRegionInfoViewController.swift */ = {isa = PBXFileReference; lastKnownFileType = sourcecode.swift; path = DetailRegionInfoViewController.swift; sourceTree = "<group>"; };
		D4D714D022F02089006552B0 /* RegionInfoTableViewController.swift */ = {isa = PBXFileReference; lastKnownFileType = sourcecode.swift; path = RegionInfoTableViewController.swift; sourceTree = "<group>"; };
		D4D714D222F02BA2006552B0 /* RighImageTableViewCell.swift */ = {isa = PBXFileReference; lastKnownFileType = sourcecode.swift; path = RighImageTableViewCell.swift; sourceTree = "<group>"; };
		D4D714D422F17674006552B0 /* FindTableViewController.swift */ = {isa = PBXFileReference; lastKnownFileType = sourcecode.swift; path = FindTableViewController.swift; sourceTree = "<group>"; };
		E477312922EAD95E0072C057 /* NoticeInfoTableViewController.swift */ = {isa = PBXFileReference; fileEncoding = 4; lastKnownFileType = sourcecode.swift; path = NoticeInfoTableViewController.swift; sourceTree = "<group>"; };
		E477313122EAF8530072C057 /* NoticeInfoTableViewCell.swift */ = {isa = PBXFileReference; lastKnownFileType = sourcecode.swift; path = NoticeInfoTableViewCell.swift; sourceTree = "<group>"; };
		E477313422EB0DBD0072C057 /* NoticeInfoDetailViewController.swift */ = {isa = PBXFileReference; lastKnownFileType = sourcecode.swift; path = NoticeInfoDetailViewController.swift; sourceTree = "<group>"; };
		E477313722EB13220072C057 /* MyInfoTableViewController.swift */ = {isa = PBXFileReference; lastKnownFileType = sourcecode.swift; path = MyInfoTableViewController.swift; sourceTree = "<group>"; };
/* End PBXFileReference section */

/* Begin PBXFrameworksBuildPhase section */
		D45A5E3D22E59F2600D75C7F /* Frameworks */ = {
			isa = PBXFrameworksBuildPhase;
			buildActionMask = 2147483647;
			files = (
			);
			runOnlyForDeploymentPostprocessing = 0;
		};
/* End PBXFrameworksBuildPhase section */

/* Begin PBXGroup section */
		D4013A8D22F2CCC400F7A819 /* CustomTabBar */ = {
			isa = PBXGroup;
			children = (
				D4013A8E22F2CCC400F7A819 /* Cells */,
				D4013A9622F2CCC400F7A819 /* Extensions */,
				D4013A9922F2CCC400F7A819 /* Views */,
				D4013A9C22F2CCC400F7A819 /* MainVC.swift */,
			);
			path = CustomTabBar;
			sourceTree = "<group>";
		};
		D4013A8E22F2CCC400F7A819 /* Cells */ = {
			isa = PBXGroup;
			children = (
				D4013A8F22F2CCC400F7A819 /* CustomCell.xib */,
				D4013A9022F2CCC400F7A819 /* CustomCell.swift */,
				D4013A9122F2CCC400F7A819 /* PageCell.swift */,
				D4013A9222F2CCC400F7A819 /* PageCell.xib */,
			);
			path = Cells;
			sourceTree = "<group>";
		};
		D4013A9622F2CCC400F7A819 /* Extensions */ = {
			isa = PBXGroup;
			children = (
				D4013A9722F2CCC400F7A819 /* NSObject + reusableIdentifier.swift */,
			);
			path = Extensions;
			sourceTree = "<group>";
		};
		D4013A9922F2CCC400F7A819 /* Views */ = {
			isa = PBXGroup;
			children = (
				D4013A9A22F2CCC400F7A819 /* CustomMenuBar.swift */,
			);
			path = Views;
			sourceTree = "<group>";
		};
		D44533CE22F0141B005CAF17 /* RoutePageView */ = {
			isa = PBXGroup;
			children = (
				D44533D922F0194A005CAF17 /* DataViewController.swift */,
				D44533DB22F01958005CAF17 /* CustomPageViewController.swift */,
				D44533FF22F02E92005CAF17 /* MainViewController.swift */,
			);
			path = RoutePageView;
			sourceTree = "<group>";
		};
		D45A5E3722E59F2600D75C7F = {
			isa = PBXGroup;
			children = (
				D45A5E4222E59F2600D75C7F /* Ayo~Bro */,
				D45A5E4122E59F2600D75C7F /* Products */,
				D4A3219122E6E8D2003384BB /* Models */,
			);
			sourceTree = "<group>";
		};
		D45A5E4122E59F2600D75C7F /* Products */ = {
			isa = PBXGroup;
			children = (
				D45A5E4022E59F2600D75C7F /* Ayo~Bro.app */,
			);
			name = Products;
			sourceTree = "<group>";
		};
		D45A5E4222E59F2600D75C7F /* Ayo~Bro */ = {
			isa = PBXGroup;
			children = (
				D4013A8D22F2CCC400F7A819 /* CustomTabBar */,
				D44533CE22F0141B005CAF17 /* RoutePageView */,
				E477313622EB13050072C057 /* MyInfo */,
				E477313322EAF8E80072C057 /* NoticeInfo */,
				D4A3224E22EAD2FF003384BB /* SelectedTableViewController.swift */,
				D4A3225022EAD376003384BB /* SelectedDetailTableViewController.swift */,
				D45A5E4522E59F2600D75C7F /* ViewController.swift */,
				D420ADF822E875270090FEE5 /* LocalTableViewController.swift */,
				D4D714CC22F01ADF006552B0 /* RegionInfoCollectionViewController.swift */,
				D4D714CE22F01B1B006552B0 /* DetailRegionInfoViewController.swift */,
				D4D714D022F02089006552B0 /* RegionInfoTableViewController.swift */,
				D4D714D222F02BA2006552B0 /* RighImageTableViewCell.swift */,
				D4D714D422F17674006552B0 /* FindTableViewController.swift */,
				D4A3220722E9773C003384BB /* New Group */,
				D45A5E4322E59F2600D75C7F /* AppDelegate.swift */,
				D45A5E4722E59F2600D75C7F /* Main.storyboard */,
				D45A5E5522E5A05000D75C7F /* MainScreen.storyboard */,
				D45A5E5922E5A0F000D75C7F /* Selected.storyboard */,
				D45A5E5722E5A0CC00D75C7F /* Route-Recommendation.storyboard */,
				D45A5E5B22E5A10600D75C7F /* My-Infomation.storyboard */,
				D45A5E4A22E59F2700D75C7F /* Assets.xcassets */,
				D45A5E4C22E59F2700D75C7F /* LaunchScreen.storyboard */,
				D45A5E4F22E59F2700D75C7F /* Info.plist */,
			);
			path = "Ayo~Bro";
			sourceTree = "<group>";
		};
		D4A3219122E6E8D2003384BB /* Models */ = {
			isa = PBXGroup;
			children = (
				D4A3219222E6EA85003384BB /* Models.swift */,
			);
			name = Models;
			sourceTree = "<group>";
		};
		D4A3220722E9773C003384BB /* New Group */ = {
			isa = PBXGroup;
			children = (
			);
			path = "New Group";
			sourceTree = "<group>";
		};
		E477313322EAF8E80072C057 /* NoticeInfo */ = {
			isa = PBXGroup;
			children = (
				E477312922EAD95E0072C057 /* NoticeInfoTableViewController.swift */,
				E477313422EB0DBD0072C057 /* NoticeInfoDetailViewController.swift */,
				E477313122EAF8530072C057 /* NoticeInfoTableViewCell.swift */,
			);
			path = NoticeInfo;
			sourceTree = "<group>";
		};
		E477313622EB13050072C057 /* MyInfo */ = {
			isa = PBXGroup;
			children = (
				E477313722EB13220072C057 /* MyInfoTableViewController.swift */,
			);
			path = MyInfo;
			sourceTree = "<group>";
		};
/* End PBXGroup section */

/* Begin PBXNativeTarget section */
		D45A5E3F22E59F2600D75C7F /* Ayo~Bro */ = {
			isa = PBXNativeTarget;
			buildConfigurationList = D45A5E5222E59F2700D75C7F /* Build configuration list for PBXNativeTarget "Ayo~Bro" */;
			buildPhases = (
				D45A5E3C22E59F2600D75C7F /* Sources */,
				D45A5E3D22E59F2600D75C7F /* Frameworks */,
				D45A5E3E22E59F2600D75C7F /* Resources */,
				D4A3218E22E6D5A4003384BB /* Embed Frameworks */,
			);
			buildRules = (
			);
			dependencies = (
			);
			name = "Ayo~Bro";
			productName = "Ayo~Bro";
			productReference = D45A5E4022E59F2600D75C7F /* Ayo~Bro.app */;
			productType = "com.apple.product-type.application";
		};
/* End PBXNativeTarget section */

/* Begin PBXProject section */
		D45A5E3822E59F2600D75C7F /* Project object */ = {
			isa = PBXProject;
			attributes = {
				LastSwiftUpdateCheck = 1020;
				LastUpgradeCheck = 1020;
				ORGANIZATIONNAME = GW_19;
				TargetAttributes = {
					D45A5E3F22E59F2600D75C7F = {
						CreatedOnToolsVersion = 10.2.1;
					};
				};
			};
			buildConfigurationList = D45A5E3B22E59F2600D75C7F /* Build configuration list for PBXProject "Ayo~Bro" */;
			compatibilityVersion = "Xcode 9.3";
			developmentRegion = en;
			hasScannedForEncodings = 0;
			knownRegions = (
				en,
				Base,
			);
			mainGroup = D45A5E3722E59F2600D75C7F;
			productRefGroup = D45A5E4122E59F2600D75C7F /* Products */;
			projectDirPath = "";
			projectRoot = "";
			targets = (
				D45A5E3F22E59F2600D75C7F /* Ayo~Bro */,
			);
		};
/* End PBXProject section */

/* Begin PBXResourcesBuildPhase section */
		D45A5E3E22E59F2600D75C7F /* Resources */ = {
			isa = PBXResourcesBuildPhase;
			buildActionMask = 2147483647;
			files = (
				D45A5E4E22E59F2700D75C7F /* LaunchScreen.storyboard in Resources */,
				D45A5E5822E5A0CC00D75C7F /* Route-Recommendation.storyboard in Resources */,
				D4013A9D22F2CCC400F7A819 /* CustomCell.xib in Resources */,
				D45A5E5C22E5A10600D75C7F /* My-Infomation.storyboard in Resources */,
				D45A5E5622E5A05000D75C7F /* MainScreen.storyboard in Resources */,
				D4013AA022F2CCC400F7A819 /* PageCell.xib in Resources */,
				D45A5E4B22E59F2700D75C7F /* Assets.xcassets in Resources */,
				D45A5E4922E59F2600D75C7F /* Main.storyboard in Resources */,
				D45A5E5A22E5A0F000D75C7F /* Selected.storyboard in Resources */,
			);
			runOnlyForDeploymentPostprocessing = 0;
		};
/* End PBXResourcesBuildPhase section */

/* Begin PBXSourcesBuildPhase section */
		D45A5E3C22E59F2600D75C7F /* Sources */ = {
			isa = PBXSourcesBuildPhase;
			buildActionMask = 2147483647;
			files = (
				D4A3224F22EAD2FF003384BB /* SelectedTableViewController.swift in Sources */,
				D44533DA22F0194A005CAF17 /* DataViewController.swift in Sources */,
				D4013AA522F2CCC400F7A819 /* CustomMenuBar.swift in Sources */,
				E477312C22EAD9630072C057 /* NoticeList.swift in Sources */,
				D45A5E4622E59F2600D75C7F /* ViewController.swift in Sources */,
				E477313222EAF8530072C057 /* NoticeInfoTableViewCell.swift in Sources */,
				D4D714D522F17674006552B0 /* FindTableViewController.swift in Sources */,
				D4A3219322E6EA85003384BB /* Models.swift in Sources */,
				D4013AA322F2CCC400F7A819 /* NSObject + reusableIdentifier.swift in Sources */,
				D4013A9F22F2CCC400F7A819 /* PageCell.swift in Sources */,
				D45A5E4422E59F2600D75C7F /* AppDelegate.swift in Sources */,
				D420ADF922E875270090FEE5 /* LocalTableViewController.swift in Sources */,
				D4013A9E22F2CCC400F7A819 /* CustomCell.swift in Sources */,
				D4013AA722F2CCC400F7A819 /* MainVC.swift in Sources */,
				D4D714D122F02089006552B0 /* RegionInfoTableViewController.swift in Sources */,
				E477313522EB0DBD0072C057 /* NoticeInfoDetailViewController.swift in Sources */,
				D445340022F02E92005CAF17 /* MainViewController.swift in Sources */,
				E477313822EB13220072C057 /* MyInfoTableViewController.swift in Sources */,
				D4D714D322F02BA2006552B0 /* RighImageTableViewCell.swift in Sources */,
				E477312A22EAD95E0072C057 /* NoticeInfoTableViewController.swift in Sources */,
				D44533DC22F01958005CAF17 /* CustomPageViewController.swift in Sources */,
				D4D714CF22F01B1B006552B0 /* DetailRegionInfoViewController.swift in Sources */,
				D4D714CD22F01ADF006552B0 /* RegionInfoCollectionViewController.swift in Sources */,
				D4A3225122EAD376003384BB /* SelectedDetailTableViewController.swift in Sources */,
			);
			runOnlyForDeploymentPostprocessing = 0;
		};
/* End PBXSourcesBuildPhase section */

/* Begin PBXVariantGroup section */
		D45A5E4722E59F2600D75C7F /* Main.storyboard */ = {
			isa = PBXVariantGroup;
			children = (
				D45A5E4822E59F2600D75C7F /* Base */,
			);
			name = Main.storyboard;
			sourceTree = "<group>";
		};
		D45A5E4C22E59F2700D75C7F /* LaunchScreen.storyboard */ = {
			isa = PBXVariantGroup;
			children = (
				D45A5E4D22E59F2700D75C7F /* Base */,
			);
			name = LaunchScreen.storyboard;
			sourceTree = "<group>";
		};
/* End PBXVariantGroup section */

/* Begin XCBuildConfiguration section */
		D45A5E5022E59F2700D75C7F /* Debug */ = {
			isa = XCBuildConfiguration;
			buildSettings = {
				ALWAYS_SEARCH_USER_PATHS = NO;
				CLANG_ANALYZER_NONNULL = YES;
				CLANG_ANALYZER_NUMBER_OBJECT_CONVERSION = YES_AGGRESSIVE;
				CLANG_CXX_LANGUAGE_STANDARD = "gnu++14";
				CLANG_CXX_LIBRARY = "libc++";
				CLANG_ENABLE_MODULES = YES;
				CLANG_ENABLE_OBJC_ARC = YES;
				CLANG_ENABLE_OBJC_WEAK = YES;
				CLANG_WARN_BLOCK_CAPTURE_AUTORELEASING = YES;
				CLANG_WARN_BOOL_CONVERSION = YES;
				CLANG_WARN_COMMA = YES;
				CLANG_WARN_CONSTANT_CONVERSION = YES;
				CLANG_WARN_DEPRECATED_OBJC_IMPLEMENTATIONS = YES;
				CLANG_WARN_DIRECT_OBJC_ISA_USAGE = YES_ERROR;
				CLANG_WARN_DOCUMENTATION_COMMENTS = YES;
				CLANG_WARN_EMPTY_BODY = YES;
				CLANG_WARN_ENUM_CONVERSION = YES;
				CLANG_WARN_INFINITE_RECURSION = YES;
				CLANG_WARN_INT_CONVERSION = YES;
				CLANG_WARN_NON_LITERAL_NULL_CONVERSION = YES;
				CLANG_WARN_OBJC_IMPLICIT_RETAIN_SELF = YES;
				CLANG_WARN_OBJC_LITERAL_CONVERSION = YES;
				CLANG_WARN_OBJC_ROOT_CLASS = YES_ERROR;
				CLANG_WARN_RANGE_LOOP_ANALYSIS = YES;
				CLANG_WARN_STRICT_PROTOTYPES = YES;
				CLANG_WARN_SUSPICIOUS_MOVE = YES;
				CLANG_WARN_UNGUARDED_AVAILABILITY = YES_AGGRESSIVE;
				CLANG_WARN_UNREACHABLE_CODE = YES;
				CLANG_WARN__DUPLICATE_METHOD_MATCH = YES;
				CODE_SIGN_IDENTITY = "iPhone Developer";
				COPY_PHASE_STRIP = NO;
				DEBUG_INFORMATION_FORMAT = dwarf;
				ENABLE_STRICT_OBJC_MSGSEND = YES;
				ENABLE_TESTABILITY = YES;
				GCC_C_LANGUAGE_STANDARD = gnu11;
				GCC_DYNAMIC_NO_PIC = NO;
				GCC_NO_COMMON_BLOCKS = YES;
				GCC_OPTIMIZATION_LEVEL = 0;
				GCC_PREPROCESSOR_DEFINITIONS = (
					"DEBUG=1",
					"$(inherited)",
				);
				GCC_WARN_64_TO_32_BIT_CONVERSION = YES;
				GCC_WARN_ABOUT_RETURN_TYPE = YES_ERROR;
				GCC_WARN_UNDECLARED_SELECTOR = YES;
				GCC_WARN_UNINITIALIZED_AUTOS = YES_AGGRESSIVE;
				GCC_WARN_UNUSED_FUNCTION = YES;
				GCC_WARN_UNUSED_VARIABLE = YES;
				IPHONEOS_DEPLOYMENT_TARGET = 12.2;
				MTL_ENABLE_DEBUG_INFO = INCLUDE_SOURCE;
				MTL_FAST_MATH = YES;
				ONLY_ACTIVE_ARCH = YES;
				SDKROOT = iphoneos;
				SWIFT_ACTIVE_COMPILATION_CONDITIONS = DEBUG;
				SWIFT_OPTIMIZATION_LEVEL = "-Onone";
			};
			name = Debug;
		};
		D45A5E5122E59F2700D75C7F /* Release */ = {
			isa = XCBuildConfiguration;
			buildSettings = {
				ALWAYS_SEARCH_USER_PATHS = NO;
				CLANG_ANALYZER_NONNULL = YES;
				CLANG_ANALYZER_NUMBER_OBJECT_CONVERSION = YES_AGGRESSIVE;
				CLANG_CXX_LANGUAGE_STANDARD = "gnu++14";
				CLANG_CXX_LIBRARY = "libc++";
				CLANG_ENABLE_MODULES = YES;
				CLANG_ENABLE_OBJC_ARC = YES;
				CLANG_ENABLE_OBJC_WEAK = YES;
				CLANG_WARN_BLOCK_CAPTURE_AUTORELEASING = YES;
				CLANG_WARN_BOOL_CONVERSION = YES;
				CLANG_WARN_COMMA = YES;
				CLANG_WARN_CONSTANT_CONVERSION = YES;
				CLANG_WARN_DEPRECATED_OBJC_IMPLEMENTATIONS = YES;
				CLANG_WARN_DIRECT_OBJC_ISA_USAGE = YES_ERROR;
				CLANG_WARN_DOCUMENTATION_COMMENTS = YES;
				CLANG_WARN_EMPTY_BODY = YES;
				CLANG_WARN_ENUM_CONVERSION = YES;
				CLANG_WARN_INFINITE_RECURSION = YES;
				CLANG_WARN_INT_CONVERSION = YES;
				CLANG_WARN_NON_LITERAL_NULL_CONVERSION = YES;
				CLANG_WARN_OBJC_IMPLICIT_RETAIN_SELF = YES;
				CLANG_WARN_OBJC_LITERAL_CONVERSION = YES;
				CLANG_WARN_OBJC_ROOT_CLASS = YES_ERROR;
				CLANG_WARN_RANGE_LOOP_ANALYSIS = YES;
				CLANG_WARN_STRICT_PROTOTYPES = YES;
				CLANG_WARN_SUSPICIOUS_MOVE = YES;
				CLANG_WARN_UNGUARDED_AVAILABILITY = YES_AGGRESSIVE;
				CLANG_WARN_UNREACHABLE_CODE = YES;
				CLANG_WARN__DUPLICATE_METHOD_MATCH = YES;
				CODE_SIGN_IDENTITY = "iPhone Developer";
				COPY_PHASE_STRIP = NO;
				DEBUG_INFORMATION_FORMAT = "dwarf-with-dsym";
				ENABLE_NS_ASSERTIONS = NO;
				ENABLE_STRICT_OBJC_MSGSEND = YES;
				GCC_C_LANGUAGE_STANDARD = gnu11;
				GCC_NO_COMMON_BLOCKS = YES;
				GCC_WARN_64_TO_32_BIT_CONVERSION = YES;
				GCC_WARN_ABOUT_RETURN_TYPE = YES_ERROR;
				GCC_WARN_UNDECLARED_SELECTOR = YES;
				GCC_WARN_UNINITIALIZED_AUTOS = YES_AGGRESSIVE;
				GCC_WARN_UNUSED_FUNCTION = YES;
				GCC_WARN_UNUSED_VARIABLE = YES;
				IPHONEOS_DEPLOYMENT_TARGET = 12.2;
				MTL_ENABLE_DEBUG_INFO = NO;
				MTL_FAST_MATH = YES;
				SDKROOT = iphoneos;
				SWIFT_COMPILATION_MODE = wholemodule;
				SWIFT_OPTIMIZATION_LEVEL = "-O";
				VALIDATE_PRODUCT = YES;
			};
			name = Release;
		};
		D45A5E5322E59F2700D75C7F /* Debug */ = {
			isa = XCBuildConfiguration;
			buildSettings = {
				ASSETCATALOG_COMPILER_APPICON_NAME = AppIcon;
				CODE_SIGN_STYLE = Automatic;
				DEVELOPMENT_TEAM = "";
				FRAMEWORK_SEARCH_PATHS = (
					"$(inherited)",
					"$(PROJECT_DIR)",
				);
				INFOPLIST_FILE = "Ayo~Bro/Info.plist";
				LD_RUNPATH_SEARCH_PATHS = (
					"$(inherited)",
					"@executable_path/Frameworks",
				);
				PRODUCT_BUNDLE_IDENTIFIER = "test.company.Ayo-Bro";
				PRODUCT_NAME = "$(TARGET_NAME)";
				SWIFT_VERSION = 5.0;
				TARGETED_DEVICE_FAMILY = "1,2";
			};
			name = Debug;
		};
		D45A5E5422E59F2700D75C7F /* Release */ = {
			isa = XCBuildConfiguration;
			buildSettings = {
				ASSETCATALOG_COMPILER_APPICON_NAME = AppIcon;
				CODE_SIGN_STYLE = Automatic;
				DEVELOPMENT_TEAM = "";
				FRAMEWORK_SEARCH_PATHS = (
					"$(inherited)",
					"$(PROJECT_DIR)",
				);
				INFOPLIST_FILE = "Ayo~Bro/Info.plist";
				LD_RUNPATH_SEARCH_PATHS = (
					"$(inherited)",
					"@executable_path/Frameworks",
				);
				PRODUCT_BUNDLE_IDENTIFIER = "test.company.Ayo-Bro";
				PRODUCT_NAME = "$(TARGET_NAME)";
				SWIFT_VERSION = 5.0;
				TARGETED_DEVICE_FAMILY = "1,2";
			};
			name = Release;
		};
/* End XCBuildConfiguration section */

/* Begin XCConfigurationList section */
		D45A5E3B22E59F2600D75C7F /* Build configuration list for PBXProject "Ayo~Bro" */ = {
			isa = XCConfigurationList;
			buildConfigurations = (
				D45A5E5022E59F2700D75C7F /* Debug */,
				D45A5E5122E59F2700D75C7F /* Release */,
			);
			defaultConfigurationIsVisible = 0;
			defaultConfigurationName = Release;
		};
		D45A5E5222E59F2700D75C7F /* Build configuration list for PBXNativeTarget "Ayo~Bro" */ = {
			isa = XCConfigurationList;
			buildConfigurations = (
				D45A5E5322E59F2700D75C7F /* Debug */,
				D45A5E5422E59F2700D75C7F /* Release */,
			);
			defaultConfigurationIsVisible = 0;
			defaultConfigurationName = Release;
		};
/* End XCConfigurationList section */
	};
	rootObject = D45A5E3822E59F2600D75C7F /* Project object */;
}
