// !$*UTF8*$!
{
	archiveVersion = 1;
	classes = {
	};
	objectVersion = 50;
	objects = {

/* Begin PBXBuildFile section */
		01A1DF82232AB20F002EE2F8 /* schemeViewController.swift in Sources */ = {isa = PBXBuildFile; fileRef = 01A1DF81232AB20F002EE2F8 /* schemeViewController.swift */; };
		01A1DF88232AB782002EE2F8 /* ODsaySDK.framework in Frameworks */ = {isa = PBXBuildFile; fileRef = 01A1DF87232AB782002EE2F8 /* ODsaySDK.framework */; };
		01A1DF8B232B6995002EE2F8 /* DetailCourseTableViewController.swift in Sources */ = {isa = PBXBuildFile; fileRef = 01A1DF8A232B6995002EE2F8 /* DetailCourseTableViewController.swift */; };
		01A1DF8D232B7302002EE2F8 /* DetailCourseTableViewCell.swift in Sources */ = {isa = PBXBuildFile; fileRef = 01A1DF8C232B7302002EE2F8 /* DetailCourseTableViewCell.swift */; };
		01A1DF93232B9014002EE2F8 /* PageMainViewController.swift in Sources */ = {isa = PBXBuildFile; fileRef = 01A1DF92232B9014002EE2F8 /* PageMainViewController.swift */; };
		01A1DF95232B904C002EE2F8 /* CoursePageViewController.swift in Sources */ = {isa = PBXBuildFile; fileRef = 01A1DF94232B904C002EE2F8 /* CoursePageViewController.swift */; };
		01A1DF97232B953D002EE2F8 /* DetailModel.swift in Sources */ = {isa = PBXBuildFile; fileRef = 01A1DF96232B953D002EE2F8 /* DetailModel.swift */; };
		1271726222FA719300B9BA56 /* PublicAPIModel.swift in Sources */ = {isa = PBXBuildFile; fileRef = 1271726122FA719300B9BA56 /* PublicAPIModel.swift */; };
		3BA62E6422FCC1C7009A20AC /* NSObject + reuseIdentifier.swift in Sources */ = {isa = PBXBuildFile; fileRef = 3BA62E6322FCC1C7009A20AC /* NSObject + reuseIdentifier.swift */; };
		3BA62E8322FCCCFC009A20AC /* MyPlaceCell.swift in Sources */ = {isa = PBXBuildFile; fileRef = 3BA62E8122FCCCFC009A20AC /* MyPlaceCell.swift */; };
		3BA62E8422FCCCFC009A20AC /* MyPlaceCell.xib in Resources */ = {isa = PBXBuildFile; fileRef = 3BA62E8222FCCCFC009A20AC /* MyPlaceCell.xib */; };
		3BA62E8722FCCD1E009A20AC /* HiddenCell.swift in Sources */ = {isa = PBXBuildFile; fileRef = 3BA62E8522FCCD1E009A20AC /* HiddenCell.swift */; };
		3BA62E8822FCCD1E009A20AC /* HiddenCell.xib in Resources */ = {isa = PBXBuildFile; fileRef = 3BA62E8622FCCD1E009A20AC /* HiddenCell.xib */; };
		3BA62E8A22FCCD2D009A20AC /* HiddenController.swift in Sources */ = {isa = PBXBuildFile; fileRef = 3BA62E8922FCCD2D009A20AC /* HiddenController.swift */; };
		3BA62E8C22FCCD3E009A20AC /* MyPlaceController.swift in Sources */ = {isa = PBXBuildFile; fileRef = 3BA62E8B22FCCD3E009A20AC /* MyPlaceController.swift */; };
		3BDDC0A62320B2B40078876D /* DetailInfoTableViewController.swift in Sources */ = {isa = PBXBuildFile; fileRef = 3BDDC0A52320B2B40078876D /* DetailInfoTableViewController.swift */; };
		3BDDC0A82320B50F0078876D /* DetailInfoTableViewCell.swift in Sources */ = {isa = PBXBuildFile; fileRef = 3BDDC0A72320B50F0078876D /* DetailInfoTableViewCell.swift */; };
		52A5B4962332349D00730E99 /* MyInfomationViewController.swift in Sources */ = {isa = PBXBuildFile; fileRef = 52A5B4952332349D00730E99 /* MyInfomationViewController.swift */; };
		52A5B498233234A900730E99 /* MyInfomationTableViewCell.swift in Sources */ = {isa = PBXBuildFile; fileRef = 52A5B497233234A900730E99 /* MyInfomationTableViewCell.swift */; };
		D4013AA322F2CCC400F7A819 /* NSObject + reusableIdentifier.swift in Sources */ = {isa = PBXBuildFile; fileRef = D4013A9722F2CCC400F7A819 /* NSObject + reusableIdentifier.swift */; };
		D45A5E4422E59F2600D75C7F /* AppDelegate.swift in Sources */ = {isa = PBXBuildFile; fileRef = D45A5E4322E59F2600D75C7F /* AppDelegate.swift */; };
		D45A5E4922E59F2600D75C7F /* Main.storyboard in Resources */ = {isa = PBXBuildFile; fileRef = D45A5E4722E59F2600D75C7F /* Main.storyboard */; };
		D45A5E4B22E59F2700D75C7F /* Assets.xcassets in Resources */ = {isa = PBXBuildFile; fileRef = D45A5E4A22E59F2700D75C7F /* Assets.xcassets */; };
		D45A5E4E22E59F2700D75C7F /* LaunchScreen.storyboard in Resources */ = {isa = PBXBuildFile; fileRef = D45A5E4C22E59F2700D75C7F /* LaunchScreen.storyboard */; };
		D45A5E5622E5A05000D75C7F /* Home.storyboard in Resources */ = {isa = PBXBuildFile; fileRef = D45A5E5522E5A05000D75C7F /* Home.storyboard */; };
		D45A5E5822E5A0CC00D75C7F /* MyCourse.storyboard in Resources */ = {isa = PBXBuildFile; fileRef = D45A5E5722E5A0CC00D75C7F /* MyCourse.storyboard */; };
		D45A5E5A22E5A0F000D75C7F /* MyPlace.storyboard in Resources */ = {isa = PBXBuildFile; fileRef = D45A5E5922E5A0F000D75C7F /* MyPlace.storyboard */; };
		D45A5E5C22E5A10600D75C7F /* My-Infomation.storyboard in Resources */ = {isa = PBXBuildFile; fileRef = D45A5E5B22E5A10600D75C7F /* My-Infomation.storyboard */; };
		D47AD35D22FBF2FD00C704EE /* BigAreaTableViewController.swift.swift in Sources */ = {isa = PBXBuildFile; fileRef = D47AD35C22FBF2FD00C704EE /* BigAreaTableViewController.swift.swift */; };
		D49D026D22FBED2B0043C22B /* HomeTableViewCell.swift in Sources */ = {isa = PBXBuildFile; fileRef = D49D026C22FBED2B0043C22B /* HomeTableViewCell.swift */; };
		D49D026F22FBED390043C22B /* HomeRegionTableViewController.swift in Sources */ = {isa = PBXBuildFile; fileRef = D49D026E22FBED390043C22B /* HomeRegionTableViewController.swift */; };
		D49E7FA322F41E8300442B30 /* SearchMainVC.swift in Sources */ = {isa = PBXBuildFile; fileRef = D49E7FA222F41E8300442B30 /* SearchMainVC.swift */; };
		D4AE9AD822F971E200600DEA /* SelectedTableViewController.swift in Sources */ = {isa = PBXBuildFile; fileRef = D4AE9AD522F971E100600DEA /* SelectedTableViewController.swift */; };
		D4AE9ADA22F971E200600DEA /* SelectedDetailTableViewController.swift in Sources */ = {isa = PBXBuildFile; fileRef = D4AE9AD722F971E200600DEA /* SelectedDetailTableViewController.swift */; };
		D4AE9AE222F9729400600DEA /* SearchCustomMenuBar.swift in Sources */ = {isa = PBXBuildFile; fileRef = D4AE9AE122F9729400600DEA /* SearchCustomMenuBar.swift */; };
		D4AE9AE722F9734600600DEA /* CustomCell.swift in Sources */ = {isa = PBXBuildFile; fileRef = D4AE9AE322F9734600600DEA /* CustomCell.swift */; };
		D4AE9AE822F9734600600DEA /* PageCell.swift in Sources */ = {isa = PBXBuildFile; fileRef = D4AE9AE422F9734600600DEA /* PageCell.swift */; };
		D4AE9AE922F9734600600DEA /* CustomCell.xib in Resources */ = {isa = PBXBuildFile; fileRef = D4AE9AE522F9734600600DEA /* CustomCell.xib */; };
		D4AE9AEA22F9734600600DEA /* PageCell.xib in Resources */ = {isa = PBXBuildFile; fileRef = D4AE9AE622F9734600600DEA /* PageCell.xib */; };
		E477312A22EAD95E0072C057 /* NoticeInfoTableViewController.swift in Sources */ = {isa = PBXBuildFile; fileRef = E477312922EAD95E0072C057 /* NoticeInfoTableViewController.swift */; };
		E477313222EAF8530072C057 /* NoticeInfoTableViewCell.swift in Sources */ = {isa = PBXBuildFile; fileRef = E477313122EAF8530072C057 /* NoticeInfoTableViewCell.swift */; };
		E477313522EB0DBD0072C057 /* NoticeInfoDetailViewController.swift in Sources */ = {isa = PBXBuildFile; fileRef = E477313422EB0DBD0072C057 /* NoticeInfoDetailViewController.swift */; };
		E4F3C92D22F40EDC006EECEB /* MyInfoModel.swift in Sources */ = {isa = PBXBuildFile; fileRef = E4F3C92C22F40EDC006EECEB /* MyInfoModel.swift */; };
		E4F3C92F22F40EE6006EECEB /* CommonModel.swift in Sources */ = {isa = PBXBuildFile; fileRef = E4F3C92E22F40EE6006EECEB /* CommonModel.swift */; };
		E4F3C95A22F41429006EECEB /* DaumMap.embeddedframework.zip in Resources */ = {isa = PBXBuildFile; fileRef = E4F3C93122F41429006EECEB /* DaumMap.embeddedframework.zip */; };
		E4F3C95B22F41429006EECEB /* map_pinup_custom@3x.png in Resources */ = {isa = PBXBuildFile; fileRef = E4F3C93422F41429006EECEB /* map_pinup_custom@3x.png */; };
		E4F3C95C22F41429006EECEB /* map_pin_custom.png in Resources */ = {isa = PBXBuildFile; fileRef = E4F3C93522F41429006EECEB /* map_pin_custom.png */; };
		E4F3C95D22F41429006EECEB /* shadow_balloon.png in Resources */ = {isa = PBXBuildFile; fileRef = E4F3C93622F41429006EECEB /* shadow_balloon.png */; };
		E4F3C95E22F41429006EECEB /* map_pinup.png in Resources */ = {isa = PBXBuildFile; fileRef = E4F3C93722F41429006EECEB /* map_pinup.png */; };
		E4F3C95F22F41429006EECEB /* detail_button.png in Resources */ = {isa = PBXBuildFile; fileRef = E4F3C93822F41429006EECEB /* detail_button.png */; };
		E4F3C96022F41429006EECEB /* map_pin_custom@3x.png in Resources */ = {isa = PBXBuildFile; fileRef = E4F3C93922F41429006EECEB /* map_pin_custom@3x.png */; };
		E4F3C96122F41429006EECEB /* map_pinup@3x.png in Resources */ = {isa = PBXBuildFile; fileRef = E4F3C93A22F41429006EECEB /* map_pinup@3x.png */; };
		E4F3C96222F41429006EECEB /* map_pin_shadow@3x.png in Resources */ = {isa = PBXBuildFile; fileRef = E4F3C93B22F41429006EECEB /* map_pin_shadow@3x.png */; };
		E4F3C96322F41429006EECEB /* copyright.png in Resources */ = {isa = PBXBuildFile; fileRef = E4F3C93C22F41429006EECEB /* copyright.png */; };
		E4F3C96422F41429006EECEB /* th_line.png in Resources */ = {isa = PBXBuildFile; fileRef = E4F3C93D22F41429006EECEB /* th_line.png */; };
		E4F3C96522F41429006EECEB /* map_pin_red@3x.png in Resources */ = {isa = PBXBuildFile; fileRef = E4F3C93E22F41429006EECEB /* map_pin_red@3x.png */; };
		E4F3C96622F41429006EECEB /* DaumMap in Frameworks */ = {isa = PBXBuildFile; fileRef = E4F3C93F22F41429006EECEB /* DaumMap */; };
		E4F3C96722F41429006EECEB /* daum_copyright.png in Resources */ = {isa = PBXBuildFile; fileRef = E4F3C94022F41429006EECEB /* daum_copyright.png */; };
		E4F3C96822F41429006EECEB /* map_pin@3x.png in Resources */ = {isa = PBXBuildFile; fileRef = E4F3C94122F41429006EECEB /* map_pin@3x.png */; };
		E4F3C96922F41429006EECEB /* map_present_tracking.png in Resources */ = {isa = PBXBuildFile; fileRef = E4F3C94222F41429006EECEB /* map_present_tracking.png */; };
		E4F3C96A22F41429006EECEB /* map_pin_red.png in Resources */ = {isa = PBXBuildFile; fileRef = E4F3C94322F41429006EECEB /* map_pin_red.png */; };
		E4F3C96B22F41429006EECEB /* info_box.png in Resources */ = {isa = PBXBuildFile; fileRef = E4F3C94D22F41429006EECEB /* info_box.png */; };
		E4F3C96C22F41429006EECEB /* point_sprite.png in Resources */ = {isa = PBXBuildFile; fileRef = E4F3C94E22F41429006EECEB /* point_sprite.png */; };
		E4F3C96D22F41429006EECEB /* map_pinup_custom.png in Resources */ = {isa = PBXBuildFile; fileRef = E4F3C94F22F41429006EECEB /* map_pinup_custom.png */; };
		E4F3C96E22F41429006EECEB /* info_box_tail.png in Resources */ = {isa = PBXBuildFile; fileRef = E4F3C95022F41429006EECEB /* info_box_tail.png */; };
		E4F3C96F22F41429006EECEB /* noimage256.png in Resources */ = {isa = PBXBuildFile; fileRef = E4F3C95122F41429006EECEB /* noimage256.png */; };
		E4F3C97022F41429006EECEB /* map_present_direction.png in Resources */ = {isa = PBXBuildFile; fileRef = E4F3C95222F41429006EECEB /* map_present_direction.png */; };
		E4F3C97122F41429006EECEB /* map_pin.png in Resources */ = {isa = PBXBuildFile; fileRef = E4F3C95322F41429006EECEB /* map_pin.png */; };
		E4F3C97222F41429006EECEB /* map_present.png in Resources */ = {isa = PBXBuildFile; fileRef = E4F3C95422F41429006EECEB /* map_present.png */; };
		E4F3C97322F41429006EECEB /* noimage.png in Resources */ = {isa = PBXBuildFile; fileRef = E4F3C95522F41429006EECEB /* noimage.png */; };
		E4F3C97422F41429006EECEB /* map_present_background_update.png in Resources */ = {isa = PBXBuildFile; fileRef = E4F3C95622F41429006EECEB /* map_present_background_update.png */; };
		E4F3C97522F41429006EECEB /* daum_th_line.png in Resources */ = {isa = PBXBuildFile; fileRef = E4F3C95722F41429006EECEB /* daum_th_line.png */; };
		E4F3C97622F41429006EECEB /* map_pin_shadow.png in Resources */ = {isa = PBXBuildFile; fileRef = E4F3C95822F41429006EECEB /* map_pin_shadow.png */; };
		E4F3C97722F41429006EECEB /* DaumMap.framework in Frameworks */ = {isa = PBXBuildFile; fileRef = E4F3C95922F41429006EECEB /* DaumMap.framework */; };
		E4F3C97A22F4147B006EECEB /* OpenGLES.framework in Frameworks */ = {isa = PBXBuildFile; fileRef = E4F3C97922F4147B006EECEB /* OpenGLES.framework */; };
		E4F3C97C22F41482006EECEB /* SystemConfiguration.framework in Frameworks */ = {isa = PBXBuildFile; fileRef = E4F3C97B22F41482006EECEB /* SystemConfiguration.framework */; };
		E4F3C97E22F4148C006EECEB /* CoreLocation.framework in Frameworks */ = {isa = PBXBuildFile; fileRef = E4F3C97D22F4148B006EECEB /* CoreLocation.framework */; };
		E4F3C98022F41493006EECEB /* QuartzCore.framework in Frameworks */ = {isa = PBXBuildFile; fileRef = E4F3C97F22F41493006EECEB /* QuartzCore.framework */; };
		E4F3C98222F4149E006EECEB /* libc++.tbd in Frameworks */ = {isa = PBXBuildFile; fileRef = E4F3C98122F4149E006EECEB /* libc++.tbd */; };
		E4F3C98422F414A5006EECEB /* libxml2.tbd in Frameworks */ = {isa = PBXBuildFile; fileRef = E4F3C98322F414A5006EECEB /* libxml2.tbd */; };
		E4F3C98622F414AC006EECEB /* libsqlite3.tbd in Frameworks */ = {isa = PBXBuildFile; fileRef = E4F3C98522F414AC006EECEB /* libsqlite3.tbd */; };
/* End PBXBuildFile section */

/* Begin PBXCopyFilesBuildPhase section */
		D4A3218E22E6D5A4003384BB /* Embed Frameworks */ = {
			isa = PBXCopyFilesBuildPhase;
			buildActionMask = 2147483647;
			dstPath = "";
			dstSubfolderSpec = 10;
			files = (
			);
			name = "Embed Frameworks";
			runOnlyForDeploymentPostprocessing = 0;
		};
/* End PBXCopyFilesBuildPhase section */

/* Begin PBXFileReference section */
		01A1DF81232AB20F002EE2F8 /* schemeViewController.swift */ = {isa = PBXFileReference; lastKnownFileType = sourcecode.swift; path = schemeViewController.swift; sourceTree = "<group>"; };
		01A1DF87232AB782002EE2F8 /* ODsaySDK.framework */ = {isa = PBXFileReference; lastKnownFileType = wrapper.framework; path = ODsaySDK.framework; sourceTree = "<group>"; };
		01A1DF89232AB866002EE2F8 /* ODsaySDKHeader.h */ = {isa = PBXFileReference; lastKnownFileType = sourcecode.c.h; path = ODsaySDKHeader.h; sourceTree = "<group>"; };
		01A1DF8A232B6995002EE2F8 /* DetailCourseTableViewController.swift */ = {isa = PBXFileReference; lastKnownFileType = sourcecode.swift; path = DetailCourseTableViewController.swift; sourceTree = "<group>"; };
		01A1DF8C232B7302002EE2F8 /* DetailCourseTableViewCell.swift */ = {isa = PBXFileReference; lastKnownFileType = sourcecode.swift; path = DetailCourseTableViewCell.swift; sourceTree = "<group>"; };
		01A1DF92232B9014002EE2F8 /* PageMainViewController.swift */ = {isa = PBXFileReference; lastKnownFileType = sourcecode.swift; path = PageMainViewController.swift; sourceTree = "<group>"; };
		01A1DF94232B904C002EE2F8 /* CoursePageViewController.swift */ = {isa = PBXFileReference; lastKnownFileType = sourcecode.swift; path = CoursePageViewController.swift; sourceTree = "<group>"; };
		01A1DF96232B953D002EE2F8 /* DetailModel.swift */ = {isa = PBXFileReference; lastKnownFileType = sourcecode.swift; path = DetailModel.swift; sourceTree = "<group>"; };
		1271726122FA719300B9BA56 /* PublicAPIModel.swift */ = {isa = PBXFileReference; lastKnownFileType = sourcecode.swift; path = PublicAPIModel.swift; sourceTree = "<group>"; };
		3BA62E6322FCC1C7009A20AC /* NSObject + reuseIdentifier.swift */ = {isa = PBXFileReference; lastKnownFileType = sourcecode.swift; path = "NSObject + reuseIdentifier.swift"; sourceTree = "<group>"; };
		3BA62E8122FCCCFC009A20AC /* MyPlaceCell.swift */ = {isa = PBXFileReference; lastKnownFileType = sourcecode.swift; path = MyPlaceCell.swift; sourceTree = "<group>"; };
		3BA62E8222FCCCFC009A20AC /* MyPlaceCell.xib */ = {isa = PBXFileReference; lastKnownFileType = file.xib; path = MyPlaceCell.xib; sourceTree = "<group>"; };
		3BA62E8522FCCD1E009A20AC /* HiddenCell.swift */ = {isa = PBXFileReference; lastKnownFileType = sourcecode.swift; path = HiddenCell.swift; sourceTree = "<group>"; };
		3BA62E8622FCCD1E009A20AC /* HiddenCell.xib */ = {isa = PBXFileReference; lastKnownFileType = file.xib; path = HiddenCell.xib; sourceTree = "<group>"; };
		3BA62E8922FCCD2D009A20AC /* HiddenController.swift */ = {isa = PBXFileReference; lastKnownFileType = sourcecode.swift; path = HiddenController.swift; sourceTree = "<group>"; };
		3BA62E8B22FCCD3E009A20AC /* MyPlaceController.swift */ = {isa = PBXFileReference; lastKnownFileType = sourcecode.swift; path = MyPlaceController.swift; sourceTree = "<group>"; };
		3BDDC0A52320B2B40078876D /* DetailInfoTableViewController.swift */ = {isa = PBXFileReference; lastKnownFileType = sourcecode.swift; path = DetailInfoTableViewController.swift; sourceTree = "<group>"; };
		3BDDC0A72320B50F0078876D /* DetailInfoTableViewCell.swift */ = {isa = PBXFileReference; lastKnownFileType = sourcecode.swift; path = DetailInfoTableViewCell.swift; sourceTree = "<group>"; };
		52A5B4952332349D00730E99 /* MyInfomationViewController.swift */ = {isa = PBXFileReference; lastKnownFileType = sourcecode.swift; path = MyInfomationViewController.swift; sourceTree = "<group>"; };
		52A5B497233234A900730E99 /* MyInfomationTableViewCell.swift */ = {isa = PBXFileReference; lastKnownFileType = sourcecode.swift; path = MyInfomationTableViewCell.swift; sourceTree = "<group>"; };
		D4013A9722F2CCC400F7A819 /* NSObject + reusableIdentifier.swift */ = {isa = PBXFileReference; fileEncoding = 4; lastKnownFileType = sourcecode.swift; path = "NSObject + reusableIdentifier.swift"; sourceTree = "<group>"; };
		D45A5E4022E59F2600D75C7F /* Ayo~Bro.app */ = {isa = PBXFileReference; explicitFileType = wrapper.application; includeInIndex = 0; path = "Ayo~Bro.app"; sourceTree = BUILT_PRODUCTS_DIR; };
		D45A5E4322E59F2600D75C7F /* AppDelegate.swift */ = {isa = PBXFileReference; lastKnownFileType = sourcecode.swift; path = AppDelegate.swift; sourceTree = "<group>"; };
		D45A5E4822E59F2600D75C7F /* Base */ = {isa = PBXFileReference; lastKnownFileType = file.storyboard; name = Base; path = Base.lproj/Main.storyboard; sourceTree = "<group>"; };
		D45A5E4A22E59F2700D75C7F /* Assets.xcassets */ = {isa = PBXFileReference; lastKnownFileType = folder.assetcatalog; path = Assets.xcassets; sourceTree = "<group>"; };
		D45A5E4D22E59F2700D75C7F /* Base */ = {isa = PBXFileReference; lastKnownFileType = file.storyboard; name = Base; path = Base.lproj/LaunchScreen.storyboard; sourceTree = "<group>"; };
		D45A5E4F22E59F2700D75C7F /* Info.plist */ = {isa = PBXFileReference; lastKnownFileType = text.plist.xml; path = Info.plist; sourceTree = "<group>"; };
		D45A5E5522E5A05000D75C7F /* Home.storyboard */ = {isa = PBXFileReference; lastKnownFileType = file.storyboard; path = Home.storyboard; sourceTree = "<group>"; };
		D45A5E5722E5A0CC00D75C7F /* MyCourse.storyboard */ = {isa = PBXFileReference; lastKnownFileType = file.storyboard; path = MyCourse.storyboard; sourceTree = "<group>"; };
		D45A5E5922E5A0F000D75C7F /* MyPlace.storyboard */ = {isa = PBXFileReference; lastKnownFileType = file.storyboard; path = MyPlace.storyboard; sourceTree = "<group>"; };
		D45A5E5B22E5A10600D75C7F /* My-Infomation.storyboard */ = {isa = PBXFileReference; lastKnownFileType = file.storyboard; path = "My-Infomation.storyboard"; sourceTree = "<group>"; };
		D47AD35C22FBF2FD00C704EE /* BigAreaTableViewController.swift.swift */ = {isa = PBXFileReference; lastKnownFileType = sourcecode.swift; path = BigAreaTableViewController.swift.swift; sourceTree = "<group>"; };
		D49D026C22FBED2B0043C22B /* HomeTableViewCell.swift */ = {isa = PBXFileReference; lastKnownFileType = sourcecode.swift; path = HomeTableViewCell.swift; sourceTree = "<group>"; };
		D49D026E22FBED390043C22B /* HomeRegionTableViewController.swift */ = {isa = PBXFileReference; lastKnownFileType = sourcecode.swift; path = HomeRegionTableViewController.swift; sourceTree = "<group>"; };
		D49E7FA222F41E8300442B30 /* SearchMainVC.swift */ = {isa = PBXFileReference; fileEncoding = 4; lastKnownFileType = sourcecode.swift; path = SearchMainVC.swift; sourceTree = "<group>"; };
		D4AE9AD522F971E100600DEA /* SelectedTableViewController.swift */ = {isa = PBXFileReference; fileEncoding = 4; lastKnownFileType = sourcecode.swift; name = SelectedTableViewController.swift; path = "Ayo~Bro/MyCourse/SelectedTableViewController.swift"; sourceTree = SOURCE_ROOT; };
		D4AE9AD722F971E200600DEA /* SelectedDetailTableViewController.swift */ = {isa = PBXFileReference; fileEncoding = 4; lastKnownFileType = sourcecode.swift; name = SelectedDetailTableViewController.swift; path = "Ayo~Bro/MyCourse/SelectedDetailTableViewController.swift"; sourceTree = SOURCE_ROOT; };
		D4AE9AE122F9729400600DEA /* SearchCustomMenuBar.swift */ = {isa = PBXFileReference; fileEncoding = 4; lastKnownFileType = sourcecode.swift; name = SearchCustomMenuBar.swift; path = "Ayo~Bro/Home/SearchCustomMenuBar.swift"; sourceTree = SOURCE_ROOT; };
		D4AE9AE322F9734600600DEA /* CustomCell.swift */ = {isa = PBXFileReference; fileEncoding = 4; lastKnownFileType = sourcecode.swift; name = CustomCell.swift; path = "Ayo~Bro/Home/SearchCustomTabBar/Cells/CustomCell.swift"; sourceTree = SOURCE_ROOT; };
		D4AE9AE422F9734600600DEA /* PageCell.swift */ = {isa = PBXFileReference; fileEncoding = 4; lastKnownFileType = sourcecode.swift; name = PageCell.swift; path = "Ayo~Bro/Home/SearchCustomTabBar/Cells/PageCell.swift"; sourceTree = SOURCE_ROOT; };
		D4AE9AE522F9734600600DEA /* CustomCell.xib */ = {isa = PBXFileReference; fileEncoding = 4; lastKnownFileType = file.xib; name = CustomCell.xib; path = "Ayo~Bro/Home/SearchCustomTabBar/Cells/CustomCell.xib"; sourceTree = SOURCE_ROOT; };
		D4AE9AE622F9734600600DEA /* PageCell.xib */ = {isa = PBXFileReference; fileEncoding = 4; lastKnownFileType = file.xib; name = PageCell.xib; path = "Ayo~Bro/Home/SearchCustomTabBar/Cells/PageCell.xib"; sourceTree = SOURCE_ROOT; };
		E477312922EAD95E0072C057 /* NoticeInfoTableViewController.swift */ = {isa = PBXFileReference; fileEncoding = 4; lastKnownFileType = sourcecode.swift; path = NoticeInfoTableViewController.swift; sourceTree = "<group>"; };
		E477313122EAF8530072C057 /* NoticeInfoTableViewCell.swift */ = {isa = PBXFileReference; lastKnownFileType = sourcecode.swift; path = NoticeInfoTableViewCell.swift; sourceTree = "<group>"; };
		E477313422EB0DBD0072C057 /* NoticeInfoDetailViewController.swift */ = {isa = PBXFileReference; lastKnownFileType = sourcecode.swift; path = NoticeInfoDetailViewController.swift; sourceTree = "<group>"; };
		E4F3C92C22F40EDC006EECEB /* MyInfoModel.swift */ = {isa = PBXFileReference; fileEncoding = 4; lastKnownFileType = sourcecode.swift; path = MyInfoModel.swift; sourceTree = "<group>"; };
		E4F3C92E22F40EE6006EECEB /* CommonModel.swift */ = {isa = PBXFileReference; fileEncoding = 4; lastKnownFileType = sourcecode.swift; path = CommonModel.swift; sourceTree = "<group>"; };
		E4F3C93122F41429006EECEB /* DaumMap.embeddedframework.zip */ = {isa = PBXFileReference; lastKnownFileType = archive.zip; path = DaumMap.embeddedframework.zip; sourceTree = "<group>"; };
		E4F3C93422F41429006EECEB /* map_pinup_custom@3x.png */ = {isa = PBXFileReference; lastKnownFileType = image.png; path = "map_pinup_custom@3x.png"; sourceTree = "<group>"; };
		E4F3C93522F41429006EECEB /* map_pin_custom.png */ = {isa = PBXFileReference; lastKnownFileType = image.png; path = map_pin_custom.png; sourceTree = "<group>"; };
		E4F3C93622F41429006EECEB /* shadow_balloon.png */ = {isa = PBXFileReference; lastKnownFileType = image.png; path = shadow_balloon.png; sourceTree = "<group>"; };
		E4F3C93722F41429006EECEB /* map_pinup.png */ = {isa = PBXFileReference; lastKnownFileType = image.png; path = map_pinup.png; sourceTree = "<group>"; };
		E4F3C93822F41429006EECEB /* detail_button.png */ = {isa = PBXFileReference; lastKnownFileType = image.png; path = detail_button.png; sourceTree = "<group>"; };
		E4F3C93922F41429006EECEB /* map_pin_custom@3x.png */ = {isa = PBXFileReference; lastKnownFileType = image.png; path = "map_pin_custom@3x.png"; sourceTree = "<group>"; };
		E4F3C93A22F41429006EECEB /* map_pinup@3x.png */ = {isa = PBXFileReference; lastKnownFileType = image.png; path = "map_pinup@3x.png"; sourceTree = "<group>"; };
		E4F3C93B22F41429006EECEB /* map_pin_shadow@3x.png */ = {isa = PBXFileReference; lastKnownFileType = image.png; path = "map_pin_shadow@3x.png"; sourceTree = "<group>"; };
		E4F3C93C22F41429006EECEB /* copyright.png */ = {isa = PBXFileReference; lastKnownFileType = image.png; path = copyright.png; sourceTree = "<group>"; };
		E4F3C93D22F41429006EECEB /* th_line.png */ = {isa = PBXFileReference; lastKnownFileType = image.png; path = th_line.png; sourceTree = "<group>"; };
		E4F3C93E22F41429006EECEB /* map_pin_red@3x.png */ = {isa = PBXFileReference; lastKnownFileType = image.png; path = "map_pin_red@3x.png"; sourceTree = "<group>"; };
		E4F3C93F22F41429006EECEB /* DaumMap */ = {isa = PBXFileReference; lastKnownFileType = archive.ar; path = DaumMap; sourceTree = "<group>"; };
		E4F3C94022F41429006EECEB /* daum_copyright.png */ = {isa = PBXFileReference; lastKnownFileType = image.png; path = daum_copyright.png; sourceTree = "<group>"; };
		E4F3C94122F41429006EECEB /* map_pin@3x.png */ = {isa = PBXFileReference; lastKnownFileType = image.png; path = "map_pin@3x.png"; sourceTree = "<group>"; };
		E4F3C94222F41429006EECEB /* map_present_tracking.png */ = {isa = PBXFileReference; lastKnownFileType = image.png; path = map_present_tracking.png; sourceTree = "<group>"; };
		E4F3C94322F41429006EECEB /* map_pin_red.png */ = {isa = PBXFileReference; lastKnownFileType = image.png; path = map_pin_red.png; sourceTree = "<group>"; };
		E4F3C94522F41429006EECEB /* MTMapPOIItem.h */ = {isa = PBXFileReference; fileEncoding = 4; lastKnownFileType = sourcecode.c.h; path = MTMapPOIItem.h; sourceTree = "<group>"; };
		E4F3C94622F41429006EECEB /* MTMapCameraUpdate.h */ = {isa = PBXFileReference; fileEncoding = 4; lastKnownFileType = sourcecode.c.h; path = MTMapCameraUpdate.h; sourceTree = "<group>"; };
		E4F3C94722F41429006EECEB /* MTMapReverseGeoCoder.h */ = {isa = PBXFileReference; fileEncoding = 4; lastKnownFileType = sourcecode.c.h; path = MTMapReverseGeoCoder.h; sourceTree = "<group>"; };
		E4F3C94822F41429006EECEB /* MTMapPolyline.h */ = {isa = PBXFileReference; fileEncoding = 4; lastKnownFileType = sourcecode.c.h; path = MTMapPolyline.h; sourceTree = "<group>"; };
		E4F3C94922F41429006EECEB /* MTMapLocationMarkerItem.h */ = {isa = PBXFileReference; fileEncoding = 4; lastKnownFileType = sourcecode.c.h; path = MTMapLocationMarkerItem.h; sourceTree = "<group>"; };
		E4F3C94A22F41429006EECEB /* MTMapView.h */ = {isa = PBXFileReference; fileEncoding = 4; lastKnownFileType = sourcecode.c.h; path = MTMapView.h; sourceTree = "<group>"; };
		E4F3C94B22F41429006EECEB /* MTMapGeometry.h */ = {isa = PBXFileReference; fileEncoding = 4; lastKnownFileType = sourcecode.c.h; path = MTMapGeometry.h; sourceTree = "<group>"; };
		E4F3C94C22F41429006EECEB /* MTMapCircle.h */ = {isa = PBXFileReference; fileEncoding = 4; lastKnownFileType = sourcecode.c.h; path = MTMapCircle.h; sourceTree = "<group>"; };
		E4F3C94D22F41429006EECEB /* info_box.png */ = {isa = PBXFileReference; lastKnownFileType = image.png; path = info_box.png; sourceTree = "<group>"; };
		E4F3C94E22F41429006EECEB /* point_sprite.png */ = {isa = PBXFileReference; lastKnownFileType = image.png; path = point_sprite.png; sourceTree = "<group>"; };
		E4F3C94F22F41429006EECEB /* map_pinup_custom.png */ = {isa = PBXFileReference; lastKnownFileType = image.png; path = map_pinup_custom.png; sourceTree = "<group>"; };
		E4F3C95022F41429006EECEB /* info_box_tail.png */ = {isa = PBXFileReference; lastKnownFileType = image.png; path = info_box_tail.png; sourceTree = "<group>"; };
		E4F3C95122F41429006EECEB /* noimage256.png */ = {isa = PBXFileReference; lastKnownFileType = image.png; path = noimage256.png; sourceTree = "<group>"; };
		E4F3C95222F41429006EECEB /* map_present_direction.png */ = {isa = PBXFileReference; lastKnownFileType = image.png; path = map_present_direction.png; sourceTree = "<group>"; };
		E4F3C95322F41429006EECEB /* map_pin.png */ = {isa = PBXFileReference; lastKnownFileType = image.png; path = map_pin.png; sourceTree = "<group>"; };
		E4F3C95422F41429006EECEB /* map_present.png */ = {isa = PBXFileReference; lastKnownFileType = image.png; path = map_present.png; sourceTree = "<group>"; };
		E4F3C95522F41429006EECEB /* noimage.png */ = {isa = PBXFileReference; lastKnownFileType = image.png; path = noimage.png; sourceTree = "<group>"; };
		E4F3C95622F41429006EECEB /* map_present_background_update.png */ = {isa = PBXFileReference; lastKnownFileType = image.png; path = map_present_background_update.png; sourceTree = "<group>"; };
		E4F3C95722F41429006EECEB /* daum_th_line.png */ = {isa = PBXFileReference; lastKnownFileType = image.png; path = daum_th_line.png; sourceTree = "<group>"; };
		E4F3C95822F41429006EECEB /* map_pin_shadow.png */ = {isa = PBXFileReference; lastKnownFileType = image.png; path = map_pin_shadow.png; sourceTree = "<group>"; };
		E4F3C95922F41429006EECEB /* DaumMap.framework */ = {isa = PBXFileReference; lastKnownFileType = wrapper.framework; path = DaumMap.framework; sourceTree = "<group>"; };
		E4F3C97922F4147B006EECEB /* OpenGLES.framework */ = {isa = PBXFileReference; lastKnownFileType = wrapper.framework; name = OpenGLES.framework; path = System/Library/Frameworks/OpenGLES.framework; sourceTree = SDKROOT; };
		E4F3C97B22F41482006EECEB /* SystemConfiguration.framework */ = {isa = PBXFileReference; lastKnownFileType = wrapper.framework; name = SystemConfiguration.framework; path = System/Library/Frameworks/SystemConfiguration.framework; sourceTree = SDKROOT; };
		E4F3C97D22F4148B006EECEB /* CoreLocation.framework */ = {isa = PBXFileReference; lastKnownFileType = wrapper.framework; name = CoreLocation.framework; path = System/Library/Frameworks/CoreLocation.framework; sourceTree = SDKROOT; };
		E4F3C97F22F41493006EECEB /* QuartzCore.framework */ = {isa = PBXFileReference; lastKnownFileType = wrapper.framework; name = QuartzCore.framework; path = System/Library/Frameworks/QuartzCore.framework; sourceTree = SDKROOT; };
		E4F3C98122F4149E006EECEB /* libc++.tbd */ = {isa = PBXFileReference; lastKnownFileType = "sourcecode.text-based-dylib-definition"; name = "libc++.tbd"; path = "usr/lib/libc++.tbd"; sourceTree = SDKROOT; };
		E4F3C98322F414A5006EECEB /* libxml2.tbd */ = {isa = PBXFileReference; lastKnownFileType = "sourcecode.text-based-dylib-definition"; name = libxml2.tbd; path = usr/lib/libxml2.tbd; sourceTree = SDKROOT; };
		E4F3C98522F414AC006EECEB /* libsqlite3.tbd */ = {isa = PBXFileReference; lastKnownFileType = "sourcecode.text-based-dylib-definition"; name = libsqlite3.tbd; path = usr/lib/libsqlite3.tbd; sourceTree = SDKROOT; };
/* End PBXFileReference section */

/* Begin PBXFrameworksBuildPhase section */
		D45A5E3D22E59F2600D75C7F /* Frameworks */ = {
			isa = PBXFrameworksBuildPhase;
			buildActionMask = 2147483647;
			files = (
				01A1DF88232AB782002EE2F8 /* ODsaySDK.framework in Frameworks */,
				E4F3C98622F414AC006EECEB /* libsqlite3.tbd in Frameworks */,
				E4F3C98422F414A5006EECEB /* libxml2.tbd in Frameworks */,
				E4F3C98222F4149E006EECEB /* libc++.tbd in Frameworks */,
				E4F3C98022F41493006EECEB /* QuartzCore.framework in Frameworks */,
				E4F3C97E22F4148C006EECEB /* CoreLocation.framework in Frameworks */,
				E4F3C97C22F41482006EECEB /* SystemConfiguration.framework in Frameworks */,
				E4F3C97A22F4147B006EECEB /* OpenGLES.framework in Frameworks */,
				E4F3C97722F41429006EECEB /* DaumMap.framework in Frameworks */,
				E4F3C96622F41429006EECEB /* DaumMap in Frameworks */,
			);
			runOnlyForDeploymentPostprocessing = 0;
		};
/* End PBXFrameworksBuildPhase section */

/* Begin PBXGroup section */
		1271725E22FA711F00B9BA56 /* PublicAPI */ = {
			isa = PBXGroup;
			children = (
				1271726122FA719300B9BA56 /* PublicAPIModel.swift */,
			);
			path = PublicAPI;
			sourceTree = "<group>";
		};
		D4013A8E22F2CCC400F7A819 /* Cells */ = {
			isa = PBXGroup;
			children = (
				D4AE9AE322F9734600600DEA /* CustomCell.swift */,
				D4AE9AE522F9734600600DEA /* CustomCell.xib */,
				D4AE9AE422F9734600600DEA /* PageCell.swift */,
				D4AE9AE622F9734600600DEA /* PageCell.xib */,
			);
			name = Cells;
			path = Extensions/Cells;
			sourceTree = "<group>";
		};
		D4013A9622F2CCC400F7A819 /* Extensions */ = {
			isa = PBXGroup;
			children = (
				D4013A9722F2CCC400F7A819 /* NSObject + reusableIdentifier.swift */,
			);
			path = Extensions;
			sourceTree = "<group>";
		};
		D45A5E3722E59F2600D75C7F = {
			isa = PBXGroup;
			children = (
				01A1DF81232AB20F002EE2F8 /* schemeViewController.swift */,
				01A1DF89232AB866002EE2F8 /* ODsaySDKHeader.h */,
				1271725E22FA711F00B9BA56 /* PublicAPI */,
				D45A5E4222E59F2600D75C7F /* Ayo~Bro */,
				D45A5E4122E59F2600D75C7F /* Products */,
				E4F3C93022F41429006EECEB /* lib */,
				E4F3C97822F4147B006EECEB /* Frameworks */,
			);
			sourceTree = "<group>";
		};
		D45A5E4122E59F2600D75C7F /* Products */ = {
			isa = PBXGroup;
			children = (
				D45A5E4022E59F2600D75C7F /* Ayo~Bro.app */,
			);
			name = Products;
			sourceTree = "<group>";
		};
		D45A5E4222E59F2600D75C7F /* Ayo~Bro */ = {
			isa = PBXGroup;
			children = (
				D4D714FE22F2D911006552B0 /* CommonSwift */,
				D4D714F922F2D84E006552B0 /* Home */,
				D4D714FA22F2D8B1006552B0 /* MyPlace */,
				D4D714FB22F2D8B3006552B0 /* MyCourse */,
				D4D714FC22F2D8B5006552B0 /* MyInfomation */,
				D45A5E4322E59F2600D75C7F /* AppDelegate.swift */,
				D45A5E4722E59F2600D75C7F /* Main.storyboard */,
				D45A5E5522E5A05000D75C7F /* Home.storyboard */,
				D45A5E5922E5A0F000D75C7F /* MyPlace.storyboard */,
				D45A5E5722E5A0CC00D75C7F /* MyCourse.storyboard */,
				D45A5E5B22E5A10600D75C7F /* My-Infomation.storyboard */,
				D45A5E4A22E59F2700D75C7F /* Assets.xcassets */,
				D45A5E4C22E59F2700D75C7F /* LaunchScreen.storyboard */,
				D45A5E4F22E59F2700D75C7F /* Info.plist */,
			);
			path = "Ayo~Bro";
			sourceTree = "<group>";
		};
		D49E7F8522F41C8C00442B30 /* SearchCustomTabBar */ = {
			isa = PBXGroup;
			children = (
				D4013A8E22F2CCC400F7A819 /* Cells */,
				D4013A9622F2CCC400F7A819 /* Extensions */,
				D49E7FA222F41E8300442B30 /* SearchMainVC.swift */,
				3BDDC0A72320B50F0078876D /* DetailInfoTableViewCell.swift */,
				3BDDC0A52320B2B40078876D /* DetailInfoTableViewController.swift */,
				D49D026C22FBED2B0043C22B /* HomeTableViewCell.swift */,
				D49D026E22FBED390043C22B /* HomeRegionTableViewController.swift */,
				D47AD35C22FBF2FD00C704EE /* BigAreaTableViewController.swift.swift */,
				D49E7F8622F41C8C00442B30 /* SearchViews */,
			);
			path = SearchCustomTabBar;
			sourceTree = "<group>";
		};
		D49E7F8622F41C8C00442B30 /* SearchViews */ = {
			isa = PBXGroup;
			children = (
				D4AE9AE122F9729400600DEA /* SearchCustomMenuBar.swift */,
			);
			path = SearchViews;
			sourceTree = "<group>";
		};
		D4D714F922F2D84E006552B0 /* Home */ = {
			isa = PBXGroup;
			children = (
				D49E7F8522F41C8C00442B30 /* SearchCustomTabBar */,
			);
			path = Home;
			sourceTree = "<group>";
		};
		D4D714FA22F2D8B1006552B0 /* MyPlace */ = {
			isa = PBXGroup;
			children = (
				3BA62E6322FCC1C7009A20AC /* NSObject + reuseIdentifier.swift */,
				3BA62E8B22FCCD3E009A20AC /* MyPlaceController.swift */,
				3BA62E8122FCCCFC009A20AC /* MyPlaceCell.swift */,
				3BA62E8922FCCD2D009A20AC /* HiddenController.swift */,
				3BA62E8522FCCD1E009A20AC /* HiddenCell.swift */,
				3BA62E8622FCCD1E009A20AC /* HiddenCell.xib */,
				3BA62E8222FCCCFC009A20AC /* MyPlaceCell.xib */,
			);
			path = MyPlace;
			sourceTree = "<group>";
		};
		D4D714FB22F2D8B3006552B0 /* MyCourse */ = {
			isa = PBXGroup;
			children = (
				D4AE9AD722F971E200600DEA /* SelectedDetailTableViewController.swift */,
				D4AE9AD522F971E100600DEA /* SelectedTableViewController.swift */,
				01A1DF94232B904C002EE2F8 /* CoursePageViewController.swift */,
				01A1DF8C232B7302002EE2F8 /* DetailCourseTableViewCell.swift */,
				01A1DF8A232B6995002EE2F8 /* DetailCourseTableViewController.swift */,
				01A1DF92232B9014002EE2F8 /* PageMainViewController.swift */,
				01A1DF96232B953D002EE2F8 /* DetailModel.swift */,
			);
			path = MyCourse;
			sourceTree = "<group>";
		};
		D4D714FC22F2D8B5006552B0 /* MyInfomation */ = {
			isa = PBXGroup;
			children = (
				E477313322EAF8E80072C057 /* NoticeInfo */,
				52A5B4952332349D00730E99 /* MyInfomationViewController.swift */,
				52A5B497233234A900730E99 /* MyInfomationTableViewCell.swift */,
			);
			path = MyInfomation;
			sourceTree = "<group>";
		};
		D4D714FE22F2D911006552B0 /* CommonSwift */ = {
			isa = PBXGroup;
			children = (
				E4F3C92E22F40EE6006EECEB /* CommonModel.swift */,
			);
			path = CommonSwift;
			sourceTree = "<group>";
		};
		E477313322EAF8E80072C057 /* NoticeInfo */ = {
			isa = PBXGroup;
			children = (
				E477312922EAD95E0072C057 /* NoticeInfoTableViewController.swift */,
				E4F3C92C22F40EDC006EECEB /* MyInfoModel.swift */,
				E477313422EB0DBD0072C057 /* NoticeInfoDetailViewController.swift */,
				E477313122EAF8530072C057 /* NoticeInfoTableViewCell.swift */,
			);
			path = NoticeInfo;
			sourceTree = "<group>";
		};
		E4F3C93022F41429006EECEB /* lib */ = {
			isa = PBXGroup;
			children = (
				E4F3C93122F41429006EECEB /* DaumMap.embeddedframework.zip */,
				E4F3C93222F41429006EECEB /* DaumMap.embeddedframework */,
			);
			path = lib;
			sourceTree = "<group>";
		};
		E4F3C93222F41429006EECEB /* DaumMap.embeddedframework */ = {
			isa = PBXGroup;
			children = (
				E4F3C93322F41429006EECEB /* Resources */,
				E4F3C95922F41429006EECEB /* DaumMap.framework */,
			);
			path = DaumMap.embeddedframework;
			sourceTree = "<group>";
		};
		E4F3C93322F41429006EECEB /* Resources */ = {
			isa = PBXGroup;
			children = (
				E4F3C93422F41429006EECEB /* map_pinup_custom@3x.png */,
				E4F3C93522F41429006EECEB /* map_pin_custom.png */,
				E4F3C93622F41429006EECEB /* shadow_balloon.png */,
				E4F3C93722F41429006EECEB /* map_pinup.png */,
				E4F3C93822F41429006EECEB /* detail_button.png */,
				E4F3C93922F41429006EECEB /* map_pin_custom@3x.png */,
				E4F3C93A22F41429006EECEB /* map_pinup@3x.png */,
				E4F3C93B22F41429006EECEB /* map_pin_shadow@3x.png */,
				E4F3C93C22F41429006EECEB /* copyright.png */,
				E4F3C93D22F41429006EECEB /* th_line.png */,
				E4F3C93E22F41429006EECEB /* map_pin_red@3x.png */,
				E4F3C93F22F41429006EECEB /* DaumMap */,
				E4F3C94022F41429006EECEB /* daum_copyright.png */,
				E4F3C94122F41429006EECEB /* map_pin@3x.png */,
				E4F3C94222F41429006EECEB /* map_present_tracking.png */,
				E4F3C94322F41429006EECEB /* map_pin_red.png */,
				E4F3C94422F41429006EECEB /* Headers */,
				E4F3C94D22F41429006EECEB /* info_box.png */,
				E4F3C94E22F41429006EECEB /* point_sprite.png */,
				E4F3C94F22F41429006EECEB /* map_pinup_custom.png */,
				E4F3C95022F41429006EECEB /* info_box_tail.png */,
				E4F3C95122F41429006EECEB /* noimage256.png */,
				E4F3C95222F41429006EECEB /* map_present_direction.png */,
				E4F3C95322F41429006EECEB /* map_pin.png */,
				E4F3C95422F41429006EECEB /* map_present.png */,
				E4F3C95522F41429006EECEB /* noimage.png */,
				E4F3C95622F41429006EECEB /* map_present_background_update.png */,
				E4F3C95722F41429006EECEB /* daum_th_line.png */,
				E4F3C95822F41429006EECEB /* map_pin_shadow.png */,
			);
			path = Resources;
			sourceTree = "<group>";
		};
		E4F3C94422F41429006EECEB /* Headers */ = {
			isa = PBXGroup;
			children = (
				E4F3C94522F41429006EECEB /* MTMapPOIItem.h */,
				E4F3C94622F41429006EECEB /* MTMapCameraUpdate.h */,
				E4F3C94722F41429006EECEB /* MTMapReverseGeoCoder.h */,
				E4F3C94822F41429006EECEB /* MTMapPolyline.h */,
				E4F3C94922F41429006EECEB /* MTMapLocationMarkerItem.h */,
				E4F3C94A22F41429006EECEB /* MTMapView.h */,
				E4F3C94B22F41429006EECEB /* MTMapGeometry.h */,
				E4F3C94C22F41429006EECEB /* MTMapCircle.h */,
			);
			path = Headers;
			sourceTree = "<group>";
		};
		E4F3C97822F4147B006EECEB /* Frameworks */ = {
			isa = PBXGroup;
			children = (
				01A1DF87232AB782002EE2F8 /* ODsaySDK.framework */,
				E4F3C98522F414AC006EECEB /* libsqlite3.tbd */,
				E4F3C98322F414A5006EECEB /* libxml2.tbd */,
				E4F3C98122F4149E006EECEB /* libc++.tbd */,
				E4F3C97F22F41493006EECEB /* QuartzCore.framework */,
				E4F3C97D22F4148B006EECEB /* CoreLocation.framework */,
				E4F3C97B22F41482006EECEB /* SystemConfiguration.framework */,
				E4F3C97922F4147B006EECEB /* OpenGLES.framework */,
			);
			name = Frameworks;
			sourceTree = "<group>";
		};
/* End PBXGroup section */

/* Begin PBXNativeTarget section */
		D45A5E3F22E59F2600D75C7F /* Ayo~Bro */ = {
			isa = PBXNativeTarget;
			buildConfigurationList = D45A5E5222E59F2700D75C7F /* Build configuration list for PBXNativeTarget "Ayo~Bro" */;
			buildPhases = (
				D45A5E3C22E59F2600D75C7F /* Sources */,
				D45A5E3D22E59F2600D75C7F /* Frameworks */,
				D45A5E3E22E59F2600D75C7F /* Resources */,
				D4A3218E22E6D5A4003384BB /* Embed Frameworks */,
			);
			buildRules = (
			);
			dependencies = (
			);
			name = "Ayo~Bro";
			productName = "Ayo~Bro";
			productReference = D45A5E4022E59F2600D75C7F /* Ayo~Bro.app */;
			productType = "com.apple.product-type.application";
		};
/* End PBXNativeTarget section */

/* Begin PBXProject section */
		D45A5E3822E59F2600D75C7F /* Project object */ = {
			isa = PBXProject;
			attributes = {
				LastSwiftUpdateCheck = 1020;
				LastUpgradeCheck = 1020;
				ORGANIZATIONNAME = GW_19;
				TargetAttributes = {
					D45A5E3F22E59F2600D75C7F = {
						CreatedOnToolsVersion = 10.2.1;
					};
				};
			};
			buildConfigurationList = D45A5E3B22E59F2600D75C7F /* Build configuration list for PBXProject "Ayo~Bro" */;
			compatibilityVersion = "Xcode 9.3";
			developmentRegion = en;
			hasScannedForEncodings = 0;
			knownRegions = (
				en,
				Base,
			);
			mainGroup = D45A5E3722E59F2600D75C7F;
			productRefGroup = D45A5E4122E59F2600D75C7F /* Products */;
			projectDirPath = "";
			projectRoot = "";
			targets = (
				D45A5E3F22E59F2600D75C7F /* Ayo~Bro */,
			);
		};
/* End PBXProject section */

/* Begin PBXResourcesBuildPhase section */
		D45A5E3E22E59F2600D75C7F /* Resources */ = {
			isa = PBXResourcesBuildPhase;
			buildActionMask = 2147483647;
			files = (
				E4F3C96522F41429006EECEB /* map_pin_red@3x.png in Resources */,
				E4F3C96822F41429006EECEB /* map_pin@3x.png in Resources */,
				E4F3C97122F41429006EECEB /* map_pin.png in Resources */,
				E4F3C96E22F41429006EECEB /* info_box_tail.png in Resources */,
				E4F3C97322F41429006EECEB /* noimage.png in Resources */,
				D45A5E4E22E59F2700D75C7F /* LaunchScreen.storyboard in Resources */,
				E4F3C96422F41429006EECEB /* th_line.png in Resources */,
				E4F3C96022F41429006EECEB /* map_pin_custom@3x.png in Resources */,
				D4AE9AE922F9734600600DEA /* CustomCell.xib in Resources */,
				3BA62E8422FCCCFC009A20AC /* MyPlaceCell.xib in Resources */,
				E4F3C96C22F41429006EECEB /* point_sprite.png in Resources */,
				E4F3C96222F41429006EECEB /* map_pin_shadow@3x.png in Resources */,
				E4F3C95D22F41429006EECEB /* shadow_balloon.png in Resources */,
				E4F3C96B22F41429006EECEB /* info_box.png in Resources */,
				D45A5E5822E5A0CC00D75C7F /* MyCourse.storyboard in Resources */,
				E4F3C95F22F41429006EECEB /* detail_button.png in Resources */,
				3BA62E8822FCCD1E009A20AC /* HiddenCell.xib in Resources */,
				E4F3C96322F41429006EECEB /* copyright.png in Resources */,
				E4F3C96922F41429006EECEB /* map_present_tracking.png in Resources */,
				E4F3C96D22F41429006EECEB /* map_pinup_custom.png in Resources */,
				E4F3C96F22F41429006EECEB /* noimage256.png in Resources */,
				E4F3C97622F41429006EECEB /* map_pin_shadow.png in Resources */,
				E4F3C96122F41429006EECEB /* map_pinup@3x.png in Resources */,
				D45A5E5C22E5A10600D75C7F /* My-Infomation.storyboard in Resources */,
				E4F3C97422F41429006EECEB /* map_present_background_update.png in Resources */,
				E4F3C97222F41429006EECEB /* map_present.png in Resources */,
				E4F3C97022F41429006EECEB /* map_present_direction.png in Resources */,
				D45A5E5622E5A05000D75C7F /* Home.storyboard in Resources */,
				E4F3C96722F41429006EECEB /* daum_copyright.png in Resources */,
				D45A5E4B22E59F2700D75C7F /* Assets.xcassets in Resources */,
				D45A5E4922E59F2600D75C7F /* Main.storyboard in Resources */,
				E4F3C95B22F41429006EECEB /* map_pinup_custom@3x.png in Resources */,
				D45A5E5A22E5A0F000D75C7F /* MyPlace.storyboard in Resources */,
				E4F3C95A22F41429006EECEB /* DaumMap.embeddedframework.zip in Resources */,
				E4F3C97522F41429006EECEB /* daum_th_line.png in Resources */,
				D4AE9AEA22F9734600600DEA /* PageCell.xib in Resources */,
				E4F3C95C22F41429006EECEB /* map_pin_custom.png in Resources */,
				E4F3C96A22F41429006EECEB /* map_pin_red.png in Resources */,
				E4F3C95E22F41429006EECEB /* map_pinup.png in Resources */,
			);
			runOnlyForDeploymentPostprocessing = 0;
		};
/* End PBXResourcesBuildPhase section */

/* Begin PBXSourcesBuildPhase section */
		D45A5E3C22E59F2600D75C7F /* Sources */ = {
			isa = PBXSourcesBuildPhase;
			buildActionMask = 2147483647;
			files = (
				D4AE9AE222F9729400600DEA /* SearchCustomMenuBar.swift in Sources */,
				E477313222EAF8530072C057 /* NoticeInfoTableViewCell.swift in Sources */,
				D4013AA322F2CCC400F7A819 /* NSObject + reusableIdentifier.swift in Sources */,
				D45A5E4422E59F2600D75C7F /* AppDelegate.swift in Sources */,
				01A1DF93232B9014002EE2F8 /* PageMainViewController.swift in Sources */,
				01A1DF8B232B6995002EE2F8 /* DetailCourseTableViewController.swift in Sources */,
				3BDDC0A82320B50F0078876D /* DetailInfoTableViewCell.swift in Sources */,
				D4AE9AE822F9734600600DEA /* PageCell.swift in Sources */,
				D4AE9AE722F9734600600DEA /* CustomCell.swift in Sources */,
				E4F3C92F22F40EE6006EECEB /* CommonModel.swift in Sources */,
				01A1DF95232B904C002EE2F8 /* CoursePageViewController.swift in Sources */,
				52A5B498233234A900730E99 /* MyInfomationTableViewCell.swift in Sources */,
				D49E7FA322F41E8300442B30 /* SearchMainVC.swift in Sources */,
				1271726222FA719300B9BA56 /* PublicAPIModel.swift in Sources */,
				D49D026F22FBED390043C22B /* HomeRegionTableViewController.swift in Sources */,
				E477313522EB0DBD0072C057 /* NoticeInfoDetailViewController.swift in Sources */,
				3BDDC0A62320B2B40078876D /* DetailInfoTableViewController.swift in Sources */,
				D4AE9ADA22F971E200600DEA /* SelectedDetailTableViewController.swift in Sources */,
				3BA62E6422FCC1C7009A20AC /* NSObject + reuseIdentifier.swift in Sources */,
				3BA62E8322FCCCFC009A20AC /* MyPlaceCell.swift in Sources */,
				D4AE9AD822F971E200600DEA /* SelectedTableViewController.swift in Sources */,
				01A1DF97232B953D002EE2F8 /* DetailModel.swift in Sources */,
				E477312A22EAD95E0072C057 /* NoticeInfoTableViewController.swift in Sources */,
				01A1DF82232AB20F002EE2F8 /* schemeViewController.swift in Sources */,
				01A1DF8D232B7302002EE2F8 /* DetailCourseTableViewCell.swift in Sources */,
				D47AD35D22FBF2FD00C704EE /* BigAreaTableViewController.swift.swift in Sources */,
				3BA62E8C22FCCD3E009A20AC /* MyPlaceController.swift in Sources */,
				D49D026D22FBED2B0043C22B /* HomeTableViewCell.swift in Sources */,
				E4F3C92D22F40EDC006EECEB /* MyInfoModel.swift in Sources */,
				3BA62E8722FCCD1E009A20AC /* HiddenCell.swift in Sources */,
				3BA62E8A22FCCD2D009A20AC /* HiddenController.swift in Sources */,
				52A5B4962332349D00730E99 /* MyInfomationViewController.swift in Sources */,
			);
			runOnlyForDeploymentPostprocessing = 0;
		};
/* End PBXSourcesBuildPhase section */

/* Begin PBXVariantGroup section */
		D45A5E4722E59F2600D75C7F /* Main.storyboard */ = {
			isa = PBXVariantGroup;
			children = (
				D45A5E4822E59F2600D75C7F /* Base */,
			);
			name = Main.storyboard;
			sourceTree = "<group>";
		};
		D45A5E4C22E59F2700D75C7F /* LaunchScreen.storyboard */ = {
			isa = PBXVariantGroup;
			children = (
				D45A5E4D22E59F2700D75C7F /* Base */,
			);
			name = LaunchScreen.storyboard;
			sourceTree = "<group>";
		};
/* End PBXVariantGroup section */

/* Begin XCBuildConfiguration section */
		D45A5E5022E59F2700D75C7F /* Debug */ = {
			isa = XCBuildConfiguration;
			buildSettings = {
				ALWAYS_SEARCH_USER_PATHS = NO;
				CLANG_ANALYZER_NONNULL = YES;
				CLANG_ANALYZER_NUMBER_OBJECT_CONVERSION = YES_AGGRESSIVE;
				CLANG_CXX_LANGUAGE_STANDARD = "gnu++14";
				CLANG_CXX_LIBRARY = "libc++";
				CLANG_ENABLE_MODULES = YES;
				CLANG_ENABLE_OBJC_ARC = YES;
				CLANG_ENABLE_OBJC_WEAK = YES;
				CLANG_WARN_BLOCK_CAPTURE_AUTORELEASING = YES;
				CLANG_WARN_BOOL_CONVERSION = YES;
				CLANG_WARN_COMMA = YES;
				CLANG_WARN_CONSTANT_CONVERSION = YES;
				CLANG_WARN_DEPRECATED_OBJC_IMPLEMENTATIONS = YES;
				CLANG_WARN_DIRECT_OBJC_ISA_USAGE = YES_ERROR;
				CLANG_WARN_DOCUMENTATION_COMMENTS = YES;
				CLANG_WARN_EMPTY_BODY = YES;
				CLANG_WARN_ENUM_CONVERSION = YES;
				CLANG_WARN_INFINITE_RECURSION = YES;
				CLANG_WARN_INT_CONVERSION = YES;
				CLANG_WARN_NON_LITERAL_NULL_CONVERSION = YES;
				CLANG_WARN_OBJC_IMPLICIT_RETAIN_SELF = YES;
				CLANG_WARN_OBJC_LITERAL_CONVERSION = YES;
				CLANG_WARN_OBJC_ROOT_CLASS = YES_ERROR;
				CLANG_WARN_RANGE_LOOP_ANALYSIS = YES;
				CLANG_WARN_STRICT_PROTOTYPES = YES;
				CLANG_WARN_SUSPICIOUS_MOVE = YES;
				CLANG_WARN_UNGUARDED_AVAILABILITY = YES_AGGRESSIVE;
				CLANG_WARN_UNREACHABLE_CODE = YES;
				CLANG_WARN__DUPLICATE_METHOD_MATCH = YES;
				CODE_SIGN_IDENTITY = "iPhone Developer";
				COPY_PHASE_STRIP = NO;
				DEBUG_INFORMATION_FORMAT = dwarf;
				ENABLE_STRICT_OBJC_MSGSEND = YES;
				ENABLE_TESTABILITY = YES;
				GCC_C_LANGUAGE_STANDARD = gnu11;
				GCC_DYNAMIC_NO_PIC = NO;
				GCC_NO_COMMON_BLOCKS = YES;
				GCC_OPTIMIZATION_LEVEL = 0;
				GCC_PREPROCESSOR_DEFINITIONS = (
					"DEBUG=1",
					"$(inherited)",
				);
				GCC_WARN_64_TO_32_BIT_CONVERSION = YES;
				GCC_WARN_ABOUT_RETURN_TYPE = YES_ERROR;
				GCC_WARN_UNDECLARED_SELECTOR = YES;
				GCC_WARN_UNINITIALIZED_AUTOS = YES_AGGRESSIVE;
				GCC_WARN_UNUSED_FUNCTION = YES;
				GCC_WARN_UNUSED_VARIABLE = YES;
				IPHONEOS_DEPLOYMENT_TARGET = 12.2;
				MTL_ENABLE_DEBUG_INFO = INCLUDE_SOURCE;
				MTL_FAST_MATH = YES;
				ONLY_ACTIVE_ARCH = YES;
				SDKROOT = iphoneos;
				SWIFT_ACTIVE_COMPILATION_CONDITIONS = DEBUG;
				SWIFT_OPTIMIZATION_LEVEL = "-Onone";
			};
			name = Debug;
		};
		D45A5E5122E59F2700D75C7F /* Release */ = {
			isa = XCBuildConfiguration;
			buildSettings = {
				ALWAYS_SEARCH_USER_PATHS = NO;
				CLANG_ANALYZER_NONNULL = YES;
				CLANG_ANALYZER_NUMBER_OBJECT_CONVERSION = YES_AGGRESSIVE;
				CLANG_CXX_LANGUAGE_STANDARD = "gnu++14";
				CLANG_CXX_LIBRARY = "libc++";
				CLANG_ENABLE_MODULES = YES;
				CLANG_ENABLE_OBJC_ARC = YES;
				CLANG_ENABLE_OBJC_WEAK = YES;
				CLANG_WARN_BLOCK_CAPTURE_AUTORELEASING = YES;
				CLANG_WARN_BOOL_CONVERSION = YES;
				CLANG_WARN_COMMA = YES;
				CLANG_WARN_CONSTANT_CONVERSION = YES;
				CLANG_WARN_DEPRECATED_OBJC_IMPLEMENTATIONS = YES;
				CLANG_WARN_DIRECT_OBJC_ISA_USAGE = YES_ERROR;
				CLANG_WARN_DOCUMENTATION_COMMENTS = YES;
				CLANG_WARN_EMPTY_BODY = YES;
				CLANG_WARN_ENUM_CONVERSION = YES;
				CLANG_WARN_INFINITE_RECURSION = YES;
				CLANG_WARN_INT_CONVERSION = YES;
				CLANG_WARN_NON_LITERAL_NULL_CONVERSION = YES;
				CLANG_WARN_OBJC_IMPLICIT_RETAIN_SELF = YES;
				CLANG_WARN_OBJC_LITERAL_CONVERSION = YES;
				CLANG_WARN_OBJC_ROOT_CLASS = YES_ERROR;
				CLANG_WARN_RANGE_LOOP_ANALYSIS = YES;
				CLANG_WARN_STRICT_PROTOTYPES = YES;
				CLANG_WARN_SUSPICIOUS_MOVE = YES;
				CLANG_WARN_UNGUARDED_AVAILABILITY = YES_AGGRESSIVE;
				CLANG_WARN_UNREACHABLE_CODE = YES;
				CLANG_WARN__DUPLICATE_METHOD_MATCH = YES;
				CODE_SIGN_IDENTITY = "iPhone Developer";
				COPY_PHASE_STRIP = NO;
				DEBUG_INFORMATION_FORMAT = "dwarf-with-dsym";
				ENABLE_NS_ASSERTIONS = NO;
				ENABLE_STRICT_OBJC_MSGSEND = YES;
				GCC_C_LANGUAGE_STANDARD = gnu11;
				GCC_NO_COMMON_BLOCKS = YES;
				GCC_WARN_64_TO_32_BIT_CONVERSION = YES;
				GCC_WARN_ABOUT_RETURN_TYPE = YES_ERROR;
				GCC_WARN_UNDECLARED_SELECTOR = YES;
				GCC_WARN_UNINITIALIZED_AUTOS = YES_AGGRESSIVE;
				GCC_WARN_UNUSED_FUNCTION = YES;
				GCC_WARN_UNUSED_VARIABLE = YES;
				IPHONEOS_DEPLOYMENT_TARGET = 12.2;
				MTL_ENABLE_DEBUG_INFO = NO;
				MTL_FAST_MATH = YES;
				SDKROOT = iphoneos;
				SWIFT_COMPILATION_MODE = wholemodule;
				SWIFT_OPTIMIZATION_LEVEL = "-O";
				VALIDATE_PRODUCT = YES;
			};
			name = Release;
		};
		D45A5E5322E59F2700D75C7F /* Debug */ = {
			isa = XCBuildConfiguration;
			buildSettings = {
				ASSETCATALOG_COMPILER_APPICON_NAME = AppIcon;
				CODE_SIGN_STYLE = Automatic;
				DEVELOPMENT_TEAM = 9DUV4SRL4B;
				FRAMEWORK_SEARCH_PATHS = (
					"$(inherited)",
					"$(PROJECT_DIR)",
					"$(PROJECT_DIR)/lib/DaumMap.embeddedframework",
				);
				INFOPLIST_FILE = "Ayo~Bro/Info.plist";
				LD_RUNPATH_SEARCH_PATHS = (
					"$(inherited)",
					"@executable_path/Frameworks",
				);
				LIBRARY_SEARCH_PATHS = (
					"$(inherited)",
					"$(PROJECT_DIR)/lib/DaumMap.embeddedframework/Resources",
				);
				OTHER_LIBTOOLFLAGS = "-ObjC";
				PRODUCT_BUNDLE_IDENTIFIER = ayo.bro;
				PRODUCT_NAME = "$(TARGET_NAME)";
				SWIFT_OBJC_BRIDGING_HEADER = ODsaySDKHeader.h;
				SWIFT_VERSION = 5.0;
				TARGETED_DEVICE_FAMILY = "1,2";
			};
			name = Debug;
		};
		D45A5E5422E59F2700D75C7F /* Release */ = {
			isa = XCBuildConfiguration;
			buildSettings = {
				ASSETCATALOG_COMPILER_APPICON_NAME = AppIcon;
				CODE_SIGN_STYLE = Automatic;
				DEVELOPMENT_TEAM = 9DUV4SRL4B;
				FRAMEWORK_SEARCH_PATHS = (
					"$(inherited)",
					"$(PROJECT_DIR)",
					"$(PROJECT_DIR)/lib/DaumMap.embeddedframework",
				);
				INFOPLIST_FILE = "Ayo~Bro/Info.plist";
				LD_RUNPATH_SEARCH_PATHS = (
					"$(inherited)",
					"@executable_path/Frameworks",
				);
				LIBRARY_SEARCH_PATHS = (
					"$(inherited)",
					"$(PROJECT_DIR)/lib/DaumMap.embeddedframework/Resources",
				);
				OTHER_LIBTOOLFLAGS = "-ObjC";
				PRODUCT_BUNDLE_IDENTIFIER = ayo.bro;
				PRODUCT_NAME = "$(TARGET_NAME)";
				SWIFT_OBJC_BRIDGING_HEADER = ODsaySDKHeader.h;
				SWIFT_VERSION = 5.0;
				TARGETED_DEVICE_FAMILY = "1,2";
			};
			name = Release;
		};
/* End XCBuildConfiguration section */

/* Begin XCConfigurationList section */
		D45A5E3B22E59F2600D75C7F /* Build configuration list for PBXProject "Ayo~Bro" */ = {
			isa = XCConfigurationList;
			buildConfigurations = (
				D45A5E5022E59F2700D75C7F /* Debug */,
				D45A5E5122E59F2700D75C7F /* Release */,
			);
			defaultConfigurationIsVisible = 0;
			defaultConfigurationName = Release;
		};
		D45A5E5222E59F2700D75C7F /* Build configuration list for PBXNativeTarget "Ayo~Bro" */ = {
			isa = XCConfigurationList;
			buildConfigurations = (
				D45A5E5322E59F2700D75C7F /* Debug */,
				D45A5E5422E59F2700D75C7F /* Release */,
			);
			defaultConfigurationIsVisible = 0;
			defaultConfigurationName = Release;
		};
/* End XCConfigurationList section */
	};
	rootObject = D45A5E3822E59F2600D75C7F /* Project object */;
}
